// !$*UTF8*$!
{
	archiveVersion = 1;
	classes = {
	};
	objectVersion = 46;
	objects = {

/* Begin PBXBuildFile section */
		D318B2851C8B1E93006AE44F /* Animals.plist in Resources */ = {isa = PBXBuildFile; fileRef = D318B2841C8B1E93006AE44F /* Animals.plist */; };
		D318B28B1C8B310F006AE44F /* LevelController.m in Sources */ = {isa = PBXBuildFile; fileRef = D318B28A1C8B310F006AE44F /* LevelController.m */; };
		D319251D1C8BBD0800C6E36E /* FeelingsController.m in Sources */ = {isa = PBXBuildFile; fileRef = D319251C1C8BBD0800C6E36E /* FeelingsController.m */; };
		D31A704D1CA2FCBC00A52769 /* picture-game.png in Resources */ = {isa = PBXBuildFile; fileRef = D31A704C1CA2FCBC00A52769 /* picture-game.png */; };
		D31A704F1CA2FD2D00A52769 /* Menu-Items.plist in Resources */ = {isa = PBXBuildFile; fileRef = D31A704E1CA2FD2D00A52769 /* Menu-Items.plist */; };
		D31A70511CA3000B00A52769 /* romo-placeholder.png in Resources */ = {isa = PBXBuildFile; fileRef = D31A70501CA3000B00A52769 /* romo-placeholder.png */; };
		D31A70531CA3091300A52769 /* disgust.jpeg in Resources */ = {isa = PBXBuildFile; fileRef = D31A70521CA3091300A52769 /* disgust.jpeg */; };
		D31FEF981CA42F57004E8C77 /* bkg-app.png in Resources */ = {isa = PBXBuildFile; fileRef = D31FEF971CA42F57004E8C77 /* bkg-app.png */; };
		D31FEF9C1CA435BC004E8C77 /* colour-bkg.png in Resources */ = {isa = PBXBuildFile; fileRef = D31FEF9B1CA435BC004E8C77 /* colour-bkg.png */; };
		D31FEFA21CA453EF004E8C77 /* level-five.png in Resources */ = {isa = PBXBuildFile; fileRef = D31FEF9D1CA453EF004E8C77 /* level-five.png */; };
		D31FEFA31CA453EF004E8C77 /* level-four.png in Resources */ = {isa = PBXBuildFile; fileRef = D31FEF9E1CA453EF004E8C77 /* level-four.png */; };
		D31FEFA41CA453EF004E8C77 /* level-one.png in Resources */ = {isa = PBXBuildFile; fileRef = D31FEF9F1CA453EF004E8C77 /* level-one.png */; };
		D31FEFA51CA453EF004E8C77 /* level-three.png in Resources */ = {isa = PBXBuildFile; fileRef = D31FEFA01CA453EF004E8C77 /* level-three.png */; };
		D31FEFA61CA453EF004E8C77 /* level-two.png in Resources */ = {isa = PBXBuildFile; fileRef = D31FEFA11CA453EF004E8C77 /* level-two.png */; };
		D31FEFA81CA6CC30004E8C77 /* under-image.jpg in Resources */ = {isa = PBXBuildFile; fileRef = D31FEFA71CA6CC30004E8C77 /* under-image.jpg */; };
		D31FEFAA1CA6E182004E8C77 /* listen-again.jpeg in Resources */ = {isa = PBXBuildFile; fileRef = D31FEFA91CA6E182004E8C77 /* listen-again.jpeg */; };
		D32E27111C86537300B71D25 /* LevelTwoController.m in Sources */ = {isa = PBXBuildFile; fileRef = D32E27101C86537300B71D25 /* LevelTwoController.m */; };
		D32E27131C86538000B71D25 /* LevelThreeController.m in Sources */ = {isa = PBXBuildFile; fileRef = D32E27121C86538000B71D25 /* LevelThreeController.m */; };
		D32E27151C86538A00B71D25 /* LevelFourController.m in Sources */ = {isa = PBXBuildFile; fileRef = D32E27141C86538A00B71D25 /* LevelFourController.m */; };
		D32E27191C86540000B71D25 /* LevelFiveController.m in Sources */ = {isa = PBXBuildFile; fileRef = D32E27181C86540000B71D25 /* LevelFiveController.m */; };
		D376A4341CA0516D00F906FB /* RemoteController.m in Sources */ = {isa = PBXBuildFile; fileRef = D376A4331CA0516D00F906FB /* RemoteController.m */; };
		D376A4391CA0525F00F906FB /* ContainerController.m in Sources */ = {isa = PBXBuildFile; fileRef = D376A4361CA0525F00F906FB /* ContainerController.m */; };
		D376A43A1CA0525F00F906FB /* VideoPeer.m in Sources */ = {isa = PBXBuildFile; fileRef = D376A4381CA0525F00F906FB /* VideoPeer.m */; };
		D376A43C1CA0596200F906FB /* remote.png in Resources */ = {isa = PBXBuildFile; fileRef = D376A43B1CA0596200F906FB /* remote.png */; };
		D376A43E1CA0736F00F906FB /* adjv.jpeg in Resources */ = {isa = PBXBuildFile; fileRef = D376A43D1CA0736F00F906FB /* adjv.jpeg */; };
		D376A4401CA0737B00F906FB /* backward.jpg in Resources */ = {isa = PBXBuildFile; fileRef = D376A43F1CA0737B00F906FB /* backward.jpg */; };
		D3852BDE1C8B32280012FDD4 /* CategoryController.m in Sources */ = {isa = PBXBuildFile; fileRef = D3852BDD1C8B32280012FDD4 /* CategoryController.m */; };
		D39AFFF41CA229F7004819D6 /* down.jpeg in Resources */ = {isa = PBXBuildFile; fileRef = D39AFFF21CA229F7004819D6 /* down.jpeg */; };
		D39AFFF51CA229F7004819D6 /* up.jpeg in Resources */ = {isa = PBXBuildFile; fileRef = D39AFFF31CA229F7004819D6 /* up.jpeg */; };
		D3ACFE791C9CAC98003BE370 /* exclamation.jpeg in Resources */ = {isa = PBXBuildFile; fileRef = D3ACFE771C9CAC98003BE370 /* exclamation.jpeg */; };
		D3ACFE7A1C9CAC98003BE370 /* questionmark.jpeg in Resources */ = {isa = PBXBuildFile; fileRef = D3ACFE781C9CAC98003BE370 /* questionmark.jpeg */; };
		D3C0F14E1C8B62CF00D0B26C /* Colours.plist in Resources */ = {isa = PBXBuildFile; fileRef = D3C0F14D1C8B62CF00D0B26C /* Colours.plist */; };
		D3CC59A11C851BDB009A1909 /* main.m in Sources */ = {isa = PBXBuildFile; fileRef = D3CC59A01C851BDB009A1909 /* main.m */; };
		D3CC59A41C851BDB009A1909 /* AppDelegate.m in Sources */ = {isa = PBXBuildFile; fileRef = D3CC59A31C851BDB009A1909 /* AppDelegate.m */; };
		D3CC59A71C851BDB009A1909 /* MenuController.m in Sources */ = {isa = PBXBuildFile; fileRef = D3CC59A61C851BDB009A1909 /* MenuController.m */; };
		D3CC59AD1C851BDB009A1909 /* SoBotPad.xcdatamodeld in Sources */ = {isa = PBXBuildFile; fileRef = D3CC59AB1C851BDB009A1909 /* SoBotPad.xcdatamodeld */; };
		D3CC59AF1C851BDB009A1909 /* Assets.xcassets in Resources */ = {isa = PBXBuildFile; fileRef = D3CC59AE1C851BDB009A1909 /* Assets.xcassets */; };
		D3CC59B21C851BDB009A1909 /* LaunchScreen.storyboard in Resources */ = {isa = PBXBuildFile; fileRef = D3CC59B01C851BDB009A1909 /* LaunchScreen.storyboard */; };
		D3CC59BD1C851BDB009A1909 /* SoBotPadTests.m in Sources */ = {isa = PBXBuildFile; fileRef = D3CC59BC1C851BDB009A1909 /* SoBotPadTests.m */; };
		D3CC59C81C851BDB009A1909 /* SoBotPadUITests.m in Sources */ = {isa = PBXBuildFile; fileRef = D3CC59C71C851BDB009A1909 /* SoBotPadUITests.m */; };
		D3CC59E71C853412009A1909 /* GamesController.m in Sources */ = {isa = PBXBuildFile; fileRef = D3CC59E61C853412009A1909 /* GamesController.m */; };
		D3CC59EF1C853B01009A1909 /* SettingsController.m in Sources */ = {isa = PBXBuildFile; fileRef = D3CC59EE1C853B01009A1909 /* SettingsController.m */; };
		D3CC59F51C853E98009A1909 /* MultipeerConnectivity.framework in Frameworks */ = {isa = PBXBuildFile; fileRef = D3CC59F41C853E98009A1909 /* MultipeerConnectivity.framework */; };
		D3CC59F81C853EC9009A1909 /* MCManager.m in Sources */ = {isa = PBXBuildFile; fileRef = D3CC59F71C853EC9009A1909 /* MCManager.m */; };
		D3CF97A01CA0D78F00CF585B /* JoyStickController.m in Sources */ = {isa = PBXBuildFile; fileRef = D3CF979F1CA0D78F00CF585B /* JoyStickController.m */; };
		D3CF97B01CA0E11C00CF585B /* stick-base.png in Resources */ = {isa = PBXBuildFile; fileRef = D3CF97AD1CA0E11C00CF585B /* stick-base.png */; };
		D3CF97B11CA0E11C00CF585B /* stick-hold.png in Resources */ = {isa = PBXBuildFile; fileRef = D3CF97AE1CA0E11C00CF585B /* stick-hold.png */; };
		D3CF97B21CA0E11C00CF585B /* stick-normal.png in Resources */ = {isa = PBXBuildFile; fileRef = D3CF97AF1CA0E11C00CF585B /* stick-normal.png */; };
		D3D9094E1C856913008D180A /* LevelOneController.m in Sources */ = {isa = PBXBuildFile; fileRef = D3D9094D1C856913008D180A /* LevelOneController.m */; };
		D3DE66821C90CBDE00DB4432 /* PictureGameController.m in Sources */ = {isa = PBXBuildFile; fileRef = D3DE66811C90CBDE00DB4432 /* PictureGameController.m */; };
		D3DE668B1C90D6DF00DB4432 /* Sentences.plist in Resources */ = {isa = PBXBuildFile; fileRef = D3DE668A1C90D6DF00DB4432 /* Sentences.plist */; };
		D3DE668F1C90E43D00DB4432 /* Words.plist in Resources */ = {isa = PBXBuildFile; fileRef = D3DE668E1C90E43D00DB4432 /* Words.plist */; };
		D3E72BF01C9DA62500EC9610 /* RomoAskController.m in Sources */ = {isa = PBXBuildFile; fileRef = D3E72BEF1C9DA62500EC9610 /* RomoAskController.m */; };
		D3E72BF21C9DCA9F00EC9610 /* back-key.png in Resources */ = {isa = PBXBuildFile; fileRef = D3E72BF11C9DCA9F00EC9610 /* back-key.png */; };
		D3E72BF51C9E020300EC9610 /* sitting-dog.jpg in Resources */ = {isa = PBXBuildFile; fileRef = D3E72BF31C9E020300EC9610 /* sitting-dog.jpg */; };
		D3E72BF61C9E020300EC9610 /* swimming-dog.png in Resources */ = {isa = PBXBuildFile; fileRef = D3E72BF41C9E020300EC9610 /* swimming-dog.png */; };
		D3E72BF81C9E06B900EC9610 /* this.jpeg in Resources */ = {isa = PBXBuildFile; fileRef = D3E72BF71C9E06B900EC9610 /* this.jpeg */; };
		D3E72BFA1C9E06C200EC9610 /* how.jpeg in Resources */ = {isa = PBXBuildFile; fileRef = D3E72BF91C9E06C200EC9610 /* how.jpeg */; };
		D3E72BFC1C9E06CE00EC9610 /* robot.jpeg in Resources */ = {isa = PBXBuildFile; fileRef = D3E72BFB1C9E06CE00EC9610 /* robot.jpeg */; };
		D3E72C031C9E06DD00EC9610 /* cannot.jpeg in Resources */ = {isa = PBXBuildFile; fileRef = D3E72BFD1C9E06DD00EC9610 /* cannot.jpeg */; };
		D3E72C041C9E06DD00EC9610 /* go.jpeg in Resources */ = {isa = PBXBuildFile; fileRef = D3E72BFE1C9E06DD00EC9610 /* go.jpeg */; };
		D3E72C051C9E06DD00EC9610 /* goes.jpeg in Resources */ = {isa = PBXBuildFile; fileRef = D3E72BFF1C9E06DD00EC9610 /* goes.jpeg */; };
		D3E72C061C9E06DD00EC9610 /* sitting.jpeg in Resources */ = {isa = PBXBuildFile; fileRef = D3E72C001C9E06DD00EC9610 /* sitting.jpeg */; };
		D3E72C071C9E06DD00EC9610 /* swim.jpeg in Resources */ = {isa = PBXBuildFile; fileRef = D3E72C011C9E06DD00EC9610 /* swim.jpeg */; };
		D3E72C081C9E06DD00EC9610 /* swimming.jpeg in Resources */ = {isa = PBXBuildFile; fileRef = D3E72C021C9E06DD00EC9610 /* swimming.jpeg */; };
		D3E72C0C1C9E1A6C00EC9610 /* home-bar.png in Resources */ = {isa = PBXBuildFile; fileRef = D3E72C0B1C9E1A6C00EC9610 /* home-bar.png */; };
		D3E72C0E1C9E1AFC00EC9610 /* home.png in Resources */ = {isa = PBXBuildFile; fileRef = D3E72C0D1C9E1AFC00EC9610 /* home.png */; };
		D3E72C101C9E1F6800EC9610 /* robots.jpeg in Resources */ = {isa = PBXBuildFile; fileRef = D3E72C0F1C9E1F6800EC9610 /* robots.jpeg */; };
		D3F0C8EB1C85523C00DC2728 /* Main.storyboard in Resources */ = {isa = PBXBuildFile; fileRef = D3F0C8EA1C85523C00DC2728 /* Main.storyboard */; };
		D3FE58601C9B46820029F57E /* again.jpeg in Resources */ = {isa = PBXBuildFile; fileRef = D3FE58091C9B46820029F57E /* again.jpeg */; };
		D3FE58611C9B46820029F57E /* angry.jpeg in Resources */ = {isa = PBXBuildFile; fileRef = D3FE580A1C9B46820029F57E /* angry.jpeg */; };
		D3FE58631C9B46820029F57E /* black.jpeg in Resources */ = {isa = PBXBuildFile; fileRef = D3FE580C1C9B46820029F57E /* black.jpeg */; };
		D3FE58641C9B46820029F57E /* blue.jpeg in Resources */ = {isa = PBXBuildFile; fileRef = D3FE580D1C9B46820029F57E /* blue.jpeg */; };
		D3FE58651C9B46820029F57E /* bored.jpeg in Resources */ = {isa = PBXBuildFile; fileRef = D3FE580E1C9B46820029F57E /* bored.jpeg */; };
		D3FE58661C9B46820029F57E /* brown.jpeg in Resources */ = {isa = PBXBuildFile; fileRef = D3FE580F1C9B46820029F57E /* brown.jpeg */; };
		D3FE58671C9B46820029F57E /* confused.jpeg in Resources */ = {isa = PBXBuildFile; fileRef = D3FE58101C9B46820029F57E /* confused.jpeg */; };
		D3FE58681C9B46820029F57E /* excited.jpeg in Resources */ = {isa = PBXBuildFile; fileRef = D3FE58111C9B46820029F57E /* excited.jpeg */; };
		D3FE58691C9B46820029F57E /* forward.jpeg in Resources */ = {isa = PBXBuildFile; fileRef = D3FE58121C9B46820029F57E /* forward.jpeg */; };
		D3FE586A1C9B46820029F57E /* gold.jpeg in Resources */ = {isa = PBXBuildFile; fileRef = D3FE58131C9B46820029F57E /* gold.jpeg */; };
		D3FE586B1C9B46820029F57E /* gray.jpeg in Resources */ = {isa = PBXBuildFile; fileRef = D3FE58141C9B46820029F57E /* gray.jpeg */; };
		D3FE586C1C9B46820029F57E /* green.jpeg in Resources */ = {isa = PBXBuildFile; fileRef = D3FE58151C9B46820029F57E /* green.jpeg */; };
		D3FE586D1C9B46820029F57E /* happy.jpeg in Resources */ = {isa = PBXBuildFile; fileRef = D3FE58161C9B46820029F57E /* happy.jpeg */; };
		D3FE586E1C9B46820029F57E /* left.jpeg in Resources */ = {isa = PBXBuildFile; fileRef = D3FE58171C9B46820029F57E /* left.jpeg */; };
		D3FE586F1C9B46820029F57E /* orange.jpeg in Resources */ = {isa = PBXBuildFile; fileRef = D3FE58181C9B46820029F57E /* orange.jpeg */; };
		D3FE58701C9B46820029F57E /* peach.jpeg in Resources */ = {isa = PBXBuildFile; fileRef = D3FE58191C9B46820029F57E /* peach.jpeg */; };
		D3FE58711C9B46820029F57E /* pink.jpeg in Resources */ = {isa = PBXBuildFile; fileRef = D3FE581A1C9B46820029F57E /* pink.jpeg */; };
		D3FE58721C9B46820029F57E /* purple.jpeg in Resources */ = {isa = PBXBuildFile; fileRef = D3FE581B1C9B46820029F57E /* purple.jpeg */; };
		D3FE58731C9B46820029F57E /* red.jpeg in Resources */ = {isa = PBXBuildFile; fileRef = D3FE581C1C9B46820029F57E /* red.jpeg */; };
		D3FE58741C9B46820029F57E /* right.jpeg in Resources */ = {isa = PBXBuildFile; fileRef = D3FE581D1C9B46820029F57E /* right.jpeg */; };
		D3FE58751C9B46820029F57E /* sad.jpeg in Resources */ = {isa = PBXBuildFile; fileRef = D3FE581E1C9B46820029F57E /* sad.jpeg */; };
		D3FE58761C9B46820029F57E /* scared.jpeg in Resources */ = {isa = PBXBuildFile; fileRef = D3FE581F1C9B46820029F57E /* scared.jpeg */; };
		D3FE58771C9B46820029F57E /* silver.jpeg in Resources */ = {isa = PBXBuildFile; fileRef = D3FE58201C9B46820029F57E /* silver.jpeg */; };
		D3FE58781C9B46820029F57E /* tired.jpeg in Resources */ = {isa = PBXBuildFile; fileRef = D3FE58211C9B46820029F57E /* tired.jpeg */; };
		D3FE58791C9B46820029F57E /* turquoise.jpeg in Resources */ = {isa = PBXBuildFile; fileRef = D3FE58221C9B46820029F57E /* turquoise.jpeg */; };
		D3FE587A1C9B46820029F57E /* white.jpeg in Resources */ = {isa = PBXBuildFile; fileRef = D3FE58231C9B46820029F57E /* white.jpeg */; };
		D3FE587B1C9B46820029F57E /* yellow.jpeg in Resources */ = {isa = PBXBuildFile; fileRef = D3FE58241C9B46820029F57E /* yellow.jpeg */; };
		D3FE587C1C9B46820029F57E /* are.jpeg in Resources */ = {isa = PBXBuildFile; fileRef = D3FE58261C9B46820029F57E /* are.jpeg */; };
		D3FE587D1C9B46820029F57E /* is.jpeg in Resources */ = {isa = PBXBuildFile; fileRef = D3FE58271C9B46820029F57E /* is.jpeg */; };
		D3FE587E1C9B46820029F57E /* misc.jpg in Resources */ = {isa = PBXBuildFile; fileRef = D3FE58281C9B46820029F57E /* misc.jpg */; };
		D3FE58801C9B46820029F57E /* animals.jpeg in Resources */ = {isa = PBXBuildFile; fileRef = D3FE582B1C9B46820029F57E /* animals.jpeg */; };
		D3FE58811C9B46820029F57E /* bear.jpeg in Resources */ = {isa = PBXBuildFile; fileRef = D3FE582C1C9B46820029F57E /* bear.jpeg */; };
		D3FE58821C9B46820029F57E /* cat.jpeg in Resources */ = {isa = PBXBuildFile; fileRef = D3FE582D1C9B46820029F57E /* cat.jpeg */; };
		D3FE58831C9B46820029F57E /* cats.jpeg in Resources */ = {isa = PBXBuildFile; fileRef = D3FE582E1C9B46820029F57E /* cats.jpeg */; };
		D3FE58841C9B46820029F57E /* chicken.jpeg in Resources */ = {isa = PBXBuildFile; fileRef = D3FE582F1C9B46820029F57E /* chicken.jpeg */; };
		D3FE58851C9B46820029F57E /* cow.jpeg in Resources */ = {isa = PBXBuildFile; fileRef = D3FE58301C9B46820029F57E /* cow.jpeg */; };
		D3FE58861C9B46820029F57E /* crocodile.jpeg in Resources */ = {isa = PBXBuildFile; fileRef = D3FE58311C9B46820029F57E /* crocodile.jpeg */; };
		D3FE58871C9B46820029F57E /* dog.jpeg in Resources */ = {isa = PBXBuildFile; fileRef = D3FE58321C9B46820029F57E /* dog.jpeg */; };
		D3FE58881C9B46820029F57E /* dogs.jpeg in Resources */ = {isa = PBXBuildFile; fileRef = D3FE58331C9B46820029F57E /* dogs.jpeg */; };
		D3FE58891C9B46820029F57E /* duck.jpeg in Resources */ = {isa = PBXBuildFile; fileRef = D3FE58341C9B46820029F57E /* duck.jpeg */; };
		D3FE588A1C9B46820029F57E /* elephant.jpeg in Resources */ = {isa = PBXBuildFile; fileRef = D3FE58351C9B46820029F57E /* elephant.jpeg */; };
		D3FE588B1C9B46820029F57E /* feelings.jpeg in Resources */ = {isa = PBXBuildFile; fileRef = D3FE58361C9B46820029F57E /* feelings.jpeg */; };
		D3FE588C1C9B46820029F57E /* fish.jpeg in Resources */ = {isa = PBXBuildFile; fileRef = D3FE58371C9B46820029F57E /* fish.jpeg */; };
		D3FE588D1C9B46820029F57E /* giraffe.jpeg in Resources */ = {isa = PBXBuildFile; fileRef = D3FE58381C9B46820029F57E /* giraffe.jpeg */; };
		D3FE588E1C9B46820029F57E /* guineapig.jpeg in Resources */ = {isa = PBXBuildFile; fileRef = D3FE58391C9B46820029F57E /* guineapig.jpeg */; };
		D3FE588F1C9B46820029F57E /* hamster.jpeg in Resources */ = {isa = PBXBuildFile; fileRef = D3FE583A1C9B46820029F57E /* hamster.jpeg */; };
		D3FE58901C9B46820029F57E /* hippo.jpeg in Resources */ = {isa = PBXBuildFile; fileRef = D3FE583B1C9B46820029F57E /* hippo.jpeg */; };
		D3FE58911C9B46820029F57E /* horse.jpeg in Resources */ = {isa = PBXBuildFile; fileRef = D3FE583C1C9B46820029F57E /* horse.jpeg */; };
		D3FE58921C9B46820029F57E /* lamb.jpeg in Resources */ = {isa = PBXBuildFile; fileRef = D3FE583D1C9B46820029F57E /* lamb.jpeg */; };
		D3FE58931C9B46820029F57E /* leopard.jpeg in Resources */ = {isa = PBXBuildFile; fileRef = D3FE583E1C9B46820029F57E /* leopard.jpeg */; };
		D3FE58941C9B46820029F57E /* lion.jpeg in Resources */ = {isa = PBXBuildFile; fileRef = D3FE583F1C9B46820029F57E /* lion.jpeg */; };
		D3FE58951C9B46820029F57E /* milk.jpeg in Resources */ = {isa = PBXBuildFile; fileRef = D3FE58401C9B46820029F57E /* milk.jpeg */; };
		D3FE58961C9B46820029F57E /* monkey.jpeg in Resources */ = {isa = PBXBuildFile; fileRef = D3FE58411C9B46820029F57E /* monkey.jpeg */; };
		D3FE58971C9B46820029F57E /* mouse.jpeg in Resources */ = {isa = PBXBuildFile; fileRef = D3FE58421C9B46820029F57E /* mouse.jpeg */; };
		D3FE58991C9B46820029F57E /* penguin.jpeg in Resources */ = {isa = PBXBuildFile; fileRef = D3FE58441C9B46820029F57E /* penguin.jpeg */; };
		D3FE589A1C9B46820029F57E /* pig.jpeg in Resources */ = {isa = PBXBuildFile; fileRef = D3FE58451C9B46820029F57E /* pig.jpeg */; };
		D3FE589B1C9B46820029F57E /* rabbit.jpeg in Resources */ = {isa = PBXBuildFile; fileRef = D3FE58461C9B46820029F57E /* rabbit.jpeg */; };
		D3FE589C1C9B46820029F57E /* snake.jpeg in Resources */ = {isa = PBXBuildFile; fileRef = D3FE58471C9B46820029F57E /* snake.jpeg */; };
		D3FE589D1C9B46820029F57E /* tiger.jpeg in Resources */ = {isa = PBXBuildFile; fileRef = D3FE58481C9B46820029F57E /* tiger.jpeg */; };
		D3FE589E1C9B46820029F57E /* turkey.jpeg in Resources */ = {isa = PBXBuildFile; fileRef = D3FE58491C9B46820029F57E /* turkey.jpeg */; };
		D3FE589F1C9B46820029F57E /* two.jpeg in Resources */ = {isa = PBXBuildFile; fileRef = D3FE584A1C9B46820029F57E /* two.jpeg */; };
		D3FE58A01C9B46820029F57E /* zebra.jpeg in Resources */ = {isa = PBXBuildFile; fileRef = D3FE584B1C9B46820029F57E /* zebra.jpeg */; };
		D3FE58A11C9B46820029F57E /* i.jpeg in Resources */ = {isa = PBXBuildFile; fileRef = D3FE584D1C9B46820029F57E /* i.jpeg */; };
		D3FE58A21C9B46820029F57E /* pap.jpg in Resources */ = {isa = PBXBuildFile; fileRef = D3FE584E1C9B46820029F57E /* pap.jpg */; };
		D3FE58A31C9B46820029F57E /* you.jpeg in Resources */ = {isa = PBXBuildFile; fileRef = D3FE584F1C9B46820029F57E /* you.jpeg */; };
		D3FE58A41C9B46820029F57E /* a.jpeg in Resources */ = {isa = PBXBuildFile; fileRef = D3FE58511C9B46820029F57E /* a.jpeg */; };
		D3FE58A51C9B46820029F57E /* social.jpg in Resources */ = {isa = PBXBuildFile; fileRef = D3FE58521C9B46820029F57E /* social.jpg */; };
		D3FE58A61C9B46820029F57E /* the.jpeg in Resources */ = {isa = PBXBuildFile; fileRef = D3FE58531C9B46820029F57E /* the.jpeg */; };
		D3FE58A71C9B46820029F57E /* do.jpg in Resources */ = {isa = PBXBuildFile; fileRef = D3FE58551C9B46820029F57E /* do.jpg */; };
		D3FE58A81C9B46820029F57E /* drinks.jpeg in Resources */ = {isa = PBXBuildFile; fileRef = D3FE58561C9B46820029F57E /* drinks.jpeg */; };
		D3FE58A91C9B46820029F57E /* like.jpeg in Resources */ = {isa = PBXBuildFile; fileRef = D3FE58571C9B46820029F57E /* like.jpeg */; };
		D3FE58AA1C9B46820029F57E /* play.jpeg in Resources */ = {isa = PBXBuildFile; fileRef = D3FE58581C9B46820029F57E /* play.jpeg */; };
		D3FE58AB1C9B46820029F57E /* playing.jpeg in Resources */ = {isa = PBXBuildFile; fileRef = D3FE58591C9B46820029F57E /* playing.jpeg */; };
		D3FE58AC1C9B46820029F57E /* run.jpeg in Resources */ = {isa = PBXBuildFile; fileRef = D3FE585A1C9B46820029F57E /* run.jpeg */; };
		D3FE58AD1C9B46820029F57E /* running.jpeg in Resources */ = {isa = PBXBuildFile; fileRef = D3FE585B1C9B46820029F57E /* running.jpeg */; };
		D3FE58AE1C9B46820029F57E /* sleep.jpeg in Resources */ = {isa = PBXBuildFile; fileRef = D3FE585C1C9B46820029F57E /* sleep.jpeg */; };
		D3FE58AF1C9B46820029F57E /* sleeping.jpeg in Resources */ = {isa = PBXBuildFile; fileRef = D3FE585D1C9B46820029F57E /* sleeping.jpeg */; };
		D3FE58B01C9B46820029F57E /* stop.jpeg in Resources */ = {isa = PBXBuildFile; fileRef = D3FE585E1C9B46820029F57E /* stop.jpeg */; };
		D3FE58CD1C9B468B0029F57E /* animalsbkg.png in Resources */ = {isa = PBXBuildFile; fileRef = D3FE58B21C9B468B0029F57E /* animalsbkg.png */; };
		D3FE58CE1C9B468B0029F57E /* appbkg.jpg in Resources */ = {isa = PBXBuildFile; fileRef = D3FE58B31C9B468B0029F57E /* appbkg.jpg */; };
		D3FE58D01C9B468B0029F57E /* cardbkg.jpg in Resources */ = {isa = PBXBuildFile; fileRef = D3FE58B51C9B468B0029F57E /* cardbkg.jpg */; };
		D3FE58D11C9B468B0029F57E /* cat-milk.jpg in Resources */ = {isa = PBXBuildFile; fileRef = D3FE58B61C9B468B0029F57E /* cat-milk.jpg */; };
		D3FE58D41C9B468B0029F57E /* dogs-playing.jpg in Resources */ = {isa = PBXBuildFile; fileRef = D3FE58B91C9B468B0029F57E /* dogs-playing.jpg */; };
		D3FE58D81C9B468B0029F57E /* game-section.png in Resources */ = {isa = PBXBuildFile; fileRef = D3FE58BD1C9B468B0029F57E /* game-section.png */; };
		D3FE58DA1C9B468B0029F57E /* play-again.png in Resources */ = {isa = PBXBuildFile; fileRef = D3FE58BF1C9B468B0029F57E /* play-again.png */; };
		D3FE58DB1C9B468B0029F57E /* match-icon.png in Resources */ = {isa = PBXBuildFile; fileRef = D3FE58C01C9B468B0029F57E /* match-icon.png */; };
		D3FE58DD1C9B468B0029F57E /* placeholder.png in Resources */ = {isa = PBXBuildFile; fileRef = D3FE58C21C9B468B0029F57E /* placeholder.png */; };
		D3FE58DF1C9B468B0029F57E /* romo-robot.png in Resources */ = {isa = PBXBuildFile; fileRef = D3FE58C41C9B468B0029F57E /* romo-robot.png */; };
		D3FE58E21C9B468B0029F57E /* running-dog.jpg in Resources */ = {isa = PBXBuildFile; fileRef = D3FE58C71C9B468B0029F57E /* running-dog.jpg */; };
		D3FE58E31C9B468B0029F57E /* setting.png in Resources */ = {isa = PBXBuildFile; fileRef = D3FE58C81C9B468B0029F57E /* setting.png */; };
		D3FE58E41C9B468B0029F57E /* sleeping-cat.jpg in Resources */ = {isa = PBXBuildFile; fileRef = D3FE58C91C9B468B0029F57E /* sleeping-cat.jpg */; };
		D3FE58E91C9B47E80029F57E /* colours.jpg in Resources */ = {isa = PBXBuildFile; fileRef = D3FE58E81C9B47E80029F57E /* colours.jpg */; };
		D3FE58EE1C9B49B20029F57E /* no.png in Resources */ = {isa = PBXBuildFile; fileRef = D3FE58EC1C9B49B20029F57E /* no.png */; };
		D3FE58EF1C9B49B20029F57E /* yes.png in Resources */ = {isa = PBXBuildFile; fileRef = D3FE58ED1C9B49B20029F57E /* yes.png */; };
		D3FE58F11C9B502B0029F57E /* romotalk-bkg.jpeg in Resources */ = {isa = PBXBuildFile; fileRef = D3FE58F01C9B502B0029F57E /* romotalk-bkg.jpeg */; };
		D3FE58F41C9B59940029F57E /* bird.jpeg in Resources */ = {isa = PBXBuildFile; fileRef = D3FE58F31C9B59940029F57E /* bird.jpeg */; };
		D3FE58FB1C9B62B30029F57E /* animal.jpeg in Resources */ = {isa = PBXBuildFile; fileRef = D3FE58F71C9B62B30029F57E /* animal.jpeg */; };
		D3FE58FC1C9B62B30029F57E /* day.jpeg in Resources */ = {isa = PBXBuildFile; fileRef = D3FE58F81C9B62B30029F57E /* day.jpeg */; };
		D3FE58FD1C9B62B30029F57E /* energy.jpeg in Resources */ = {isa = PBXBuildFile; fileRef = D3FE58F91C9B62B30029F57E /* energy.jpeg */; };
		D3FE58FE1C9B62B30029F57E /* hate.jpeg in Resources */ = {isa = PBXBuildFile; fileRef = D3FE58FA1C9B62B30029F57E /* hate.jpeg */; };
		D3FE59031C9B63D30029F57E /* all.jpeg in Resources */ = {isa = PBXBuildFile; fileRef = D3FE58FF1C9B63D30029F57E /* all.jpeg */; };
		D3FE59041C9B63D30029F57E /* favourite.jpeg in Resources */ = {isa = PBXBuildFile; fileRef = D3FE59001C9B63D30029F57E /* favourite.jpeg */; };
		D3FE59051C9B63D30029F57E /* more.jpeg in Resources */ = {isa = PBXBuildFile; fileRef = D3FE59011C9B63D30029F57E /* more.jpeg */; };
		D3FE59061C9B63D30029F57E /* really.jpeg in Resources */ = {isa = PBXBuildFile; fileRef = D3FE59021C9B63D30029F57E /* really.jpeg */; };
		D3FE59091C9B64C10029F57E /* could.jpeg in Resources */ = {isa = PBXBuildFile; fileRef = D3FE59071C9B64C10029F57E /* could.jpeg */; };
		D3FE590A1C9B64C10029F57E /* gives.jpeg in Resources */ = {isa = PBXBuildFile; fileRef = D3FE59081C9B64C10029F57E /* gives.jpeg */; };
		D3FE590D1C9B65320029F57E /* me.jpeg in Resources */ = {isa = PBXBuildFile; fileRef = D3FE590B1C9B65320029F57E /* me.jpeg */; };
		D3FE590E1C9B65320029F57E /* my.jpeg in Resources */ = {isa = PBXBuildFile; fileRef = D3FE590C1C9B65320029F57E /* my.jpeg */; };
		D3FF0C031C95DAF500C3E02E /* RomoTalkController.m in Sources */ = {isa = PBXBuildFile; fileRef = D3FF0C021C95DAF500C3E02E /* RomoTalkController.m */; };
/* End PBXBuildFile section */

/* Begin PBXContainerItemProxy section */
		D3CC59B91C851BDB009A1909 /* PBXContainerItemProxy */ = {
			isa = PBXContainerItemProxy;
			containerPortal = D3CC59941C851BDB009A1909 /* Project object */;
			proxyType = 1;
			remoteGlobalIDString = D3CC599B1C851BDB009A1909;
			remoteInfo = SoBotPad;
		};
		D3CC59C41C851BDB009A1909 /* PBXContainerItemProxy */ = {
			isa = PBXContainerItemProxy;
			containerPortal = D3CC59941C851BDB009A1909 /* Project object */;
			proxyType = 1;
			remoteGlobalIDString = D3CC599B1C851BDB009A1909;
			remoteInfo = SoBotPad;
		};
/* End PBXContainerItemProxy section */

/* Begin PBXFileReference section */
		D318B2841C8B1E93006AE44F /* Animals.plist */ = {isa = PBXFileReference; fileEncoding = 4; lastKnownFileType = text.plist.xml; path = Animals.plist; sourceTree = "<group>"; };
		D318B2881C8B3059006AE44F /* CategoryController.h */ = {isa = PBXFileReference; lastKnownFileType = sourcecode.c.h; path = CategoryController.h; sourceTree = "<group>"; };
		D318B2891C8B310F006AE44F /* LevelController.h */ = {isa = PBXFileReference; fileEncoding = 4; lastKnownFileType = sourcecode.c.h; path = LevelController.h; sourceTree = "<group>"; };
		D318B28A1C8B310F006AE44F /* LevelController.m */ = {isa = PBXFileReference; fileEncoding = 4; lastKnownFileType = sourcecode.c.objc; path = LevelController.m; sourceTree = "<group>"; };
		D319251B1C8BBCE600C6E36E /* FeelingsController.h */ = {isa = PBXFileReference; lastKnownFileType = sourcecode.c.h; path = FeelingsController.h; sourceTree = "<group>"; };
		D319251C1C8BBD0800C6E36E /* FeelingsController.m */ = {isa = PBXFileReference; fileEncoding = 4; lastKnownFileType = sourcecode.c.objc; path = FeelingsController.m; sourceTree = "<group>"; };
		D31A704C1CA2FCBC00A52769 /* picture-game.png */ = {isa = PBXFileReference; lastKnownFileType = image.png; path = "picture-game.png"; sourceTree = "<group>"; };
		D31A704E1CA2FD2D00A52769 /* Menu-Items.plist */ = {isa = PBXFileReference; fileEncoding = 4; lastKnownFileType = text.plist.xml; path = "Menu-Items.plist"; sourceTree = "<group>"; };
		D31A70501CA3000B00A52769 /* romo-placeholder.png */ = {isa = PBXFileReference; lastKnownFileType = image.png; path = "romo-placeholder.png"; sourceTree = "<group>"; };
		D31A70521CA3091300A52769 /* disgust.jpeg */ = {isa = PBXFileReference; lastKnownFileType = image.jpeg; path = disgust.jpeg; sourceTree = "<group>"; };
		D31FEF971CA42F57004E8C77 /* bkg-app.png */ = {isa = PBXFileReference; lastKnownFileType = image.png; path = "bkg-app.png"; sourceTree = "<group>"; };
		D31FEF9B1CA435BC004E8C77 /* colour-bkg.png */ = {isa = PBXFileReference; lastKnownFileType = image.png; path = "colour-bkg.png"; sourceTree = "<group>"; };
		D31FEF9D1CA453EF004E8C77 /* level-five.png */ = {isa = PBXFileReference; lastKnownFileType = image.png; path = "level-five.png"; sourceTree = "<group>"; };
		D31FEF9E1CA453EF004E8C77 /* level-four.png */ = {isa = PBXFileReference; lastKnownFileType = image.png; path = "level-four.png"; sourceTree = "<group>"; };
		D31FEF9F1CA453EF004E8C77 /* level-one.png */ = {isa = PBXFileReference; lastKnownFileType = image.png; path = "level-one.png"; sourceTree = "<group>"; };
		D31FEFA01CA453EF004E8C77 /* level-three.png */ = {isa = PBXFileReference; lastKnownFileType = image.png; path = "level-three.png"; sourceTree = "<group>"; };
		D31FEFA11CA453EF004E8C77 /* level-two.png */ = {isa = PBXFileReference; lastKnownFileType = image.png; path = "level-two.png"; sourceTree = "<group>"; };
		D31FEFA71CA6CC30004E8C77 /* under-image.jpg */ = {isa = PBXFileReference; lastKnownFileType = image.jpeg; path = "under-image.jpg"; sourceTree = "<group>"; };
		D31FEFA91CA6E182004E8C77 /* listen-again.jpeg */ = {isa = PBXFileReference; lastKnownFileType = image.jpeg; path = "listen-again.jpeg"; sourceTree = "<group>"; };
		D32E270F1C86534B00B71D25 /* LevelTwoController.h */ = {isa = PBXFileReference; lastKnownFileType = sourcecode.c.h; path = LevelTwoController.h; sourceTree = "<group>"; };
		D32E27101C86537300B71D25 /* LevelTwoController.m */ = {isa = PBXFileReference; fileEncoding = 4; lastKnownFileType = sourcecode.c.objc; path = LevelTwoController.m; sourceTree = "<group>"; };
		D32E27121C86538000B71D25 /* LevelThreeController.m */ = {isa = PBXFileReference; fileEncoding = 4; lastKnownFileType = sourcecode.c.objc; path = LevelThreeController.m; sourceTree = "<group>"; };
		D32E27141C86538A00B71D25 /* LevelFourController.m */ = {isa = PBXFileReference; fileEncoding = 4; lastKnownFileType = sourcecode.c.objc; path = LevelFourController.m; sourceTree = "<group>"; };
		D32E27161C8653A700B71D25 /* LevelThreeController.h */ = {isa = PBXFileReference; lastKnownFileType = sourcecode.c.h; path = LevelThreeController.h; sourceTree = "<group>"; };
		D32E27171C8653B700B71D25 /* LevelFourController.h */ = {isa = PBXFileReference; lastKnownFileType = sourcecode.c.h; path = LevelFourController.h; sourceTree = "<group>"; };
		D32E27181C86540000B71D25 /* LevelFiveController.m */ = {isa = PBXFileReference; fileEncoding = 4; lastKnownFileType = sourcecode.c.objc; name = LevelFiveController.m; path = ../LevelFiveController.m; sourceTree = "<group>"; };
		D32E271A1C86541800B71D25 /* LevelFiveController.h */ = {isa = PBXFileReference; lastKnownFileType = sourcecode.c.h; name = LevelFiveController.h; path = ../LevelFiveController.h; sourceTree = "<group>"; };
		D376A4321CA0511500F906FB /* RemoteController.h */ = {isa = PBXFileReference; lastKnownFileType = sourcecode.c.h; path = RemoteController.h; sourceTree = "<group>"; };
		D376A4331CA0516D00F906FB /* RemoteController.m */ = {isa = PBXFileReference; fileEncoding = 4; lastKnownFileType = sourcecode.c.objc; path = RemoteController.m; sourceTree = "<group>"; };
		D376A4351CA0525F00F906FB /* ContainerController.h */ = {isa = PBXFileReference; fileEncoding = 4; lastKnownFileType = sourcecode.c.h; name = ContainerController.h; path = ../../ContainerController.h; sourceTree = "<group>"; };
		D376A4361CA0525F00F906FB /* ContainerController.m */ = {isa = PBXFileReference; fileEncoding = 4; lastKnownFileType = sourcecode.c.objc; name = ContainerController.m; path = ../../ContainerController.m; sourceTree = "<group>"; };
		D376A4371CA0525F00F906FB /* VideoPeer.h */ = {isa = PBXFileReference; fileEncoding = 4; lastKnownFileType = sourcecode.c.h; name = VideoPeer.h; path = ../../VideoPeer.h; sourceTree = "<group>"; };
		D376A4381CA0525F00F906FB /* VideoPeer.m */ = {isa = PBXFileReference; fileEncoding = 4; lastKnownFileType = sourcecode.c.objc; name = VideoPeer.m; path = ../../VideoPeer.m; sourceTree = "<group>"; };
		D376A43B1CA0596200F906FB /* remote.png */ = {isa = PBXFileReference; lastKnownFileType = image.png; path = remote.png; sourceTree = "<group>"; };
		D376A43D1CA0736F00F906FB /* adjv.jpeg */ = {isa = PBXFileReference; lastKnownFileType = image.jpeg; path = adjv.jpeg; sourceTree = "<group>"; };
		D376A43F1CA0737B00F906FB /* backward.jpg */ = {isa = PBXFileReference; lastKnownFileType = image.jpeg; path = backward.jpg; sourceTree = "<group>"; };
		D3852BDD1C8B32280012FDD4 /* CategoryController.m */ = {isa = PBXFileReference; fileEncoding = 4; lastKnownFileType = sourcecode.c.objc; path = CategoryController.m; sourceTree = "<group>"; };
		D39AFFF21CA229F7004819D6 /* down.jpeg */ = {isa = PBXFileReference; lastKnownFileType = image.jpeg; path = down.jpeg; sourceTree = "<group>"; };
		D39AFFF31CA229F7004819D6 /* up.jpeg */ = {isa = PBXFileReference; lastKnownFileType = image.jpeg; path = up.jpeg; sourceTree = "<group>"; };
		D3ACFE771C9CAC98003BE370 /* exclamation.jpeg */ = {isa = PBXFileReference; lastKnownFileType = image.jpeg; path = exclamation.jpeg; sourceTree = "<group>"; };
		D3ACFE781C9CAC98003BE370 /* questionmark.jpeg */ = {isa = PBXFileReference; lastKnownFileType = image.jpeg; path = questionmark.jpeg; sourceTree = "<group>"; };
		D3C0F14D1C8B62CF00D0B26C /* Colours.plist */ = {isa = PBXFileReference; fileEncoding = 4; lastKnownFileType = text.plist.xml; path = Colours.plist; sourceTree = "<group>"; };
		D3CC599C1C851BDB009A1909 /* SoBotPad.app */ = {isa = PBXFileReference; explicitFileType = wrapper.application; includeInIndex = 0; path = SoBotPad.app; sourceTree = BUILT_PRODUCTS_DIR; };
		D3CC59A01C851BDB009A1909 /* main.m */ = {isa = PBXFileReference; lastKnownFileType = sourcecode.c.objc; path = main.m; sourceTree = "<group>"; };
		D3CC59A21C851BDB009A1909 /* AppDelegate.h */ = {isa = PBXFileReference; lastKnownFileType = sourcecode.c.h; path = AppDelegate.h; sourceTree = "<group>"; };
		D3CC59A31C851BDB009A1909 /* AppDelegate.m */ = {isa = PBXFileReference; lastKnownFileType = sourcecode.c.objc; path = AppDelegate.m; sourceTree = "<group>"; };
		D3CC59A51C851BDB009A1909 /* MenuController.h */ = {isa = PBXFileReference; lastKnownFileType = sourcecode.c.h; path = MenuController.h; sourceTree = "<group>"; };
		D3CC59A61C851BDB009A1909 /* MenuController.m */ = {isa = PBXFileReference; lastKnownFileType = sourcecode.c.objc; path = MenuController.m; sourceTree = "<group>"; };
		D3CC59AC1C851BDB009A1909 /* SoBotPad.xcdatamodel */ = {isa = PBXFileReference; lastKnownFileType = wrapper.xcdatamodel; path = SoBotPad.xcdatamodel; sourceTree = "<group>"; };
		D3CC59AE1C851BDB009A1909 /* Assets.xcassets */ = {isa = PBXFileReference; lastKnownFileType = folder.assetcatalog; path = Assets.xcassets; sourceTree = "<group>"; };
		D3CC59B11C851BDB009A1909 /* Base */ = {isa = PBXFileReference; lastKnownFileType = file.storyboard; name = Base; path = Base.lproj/LaunchScreen.storyboard; sourceTree = "<group>"; };
		D3CC59B31C851BDB009A1909 /* Info.plist */ = {isa = PBXFileReference; lastKnownFileType = text.plist.xml; path = Info.plist; sourceTree = "<group>"; };
		D3CC59B81C851BDB009A1909 /* SoBotPadTests.xctest */ = {isa = PBXFileReference; explicitFileType = wrapper.cfbundle; includeInIndex = 0; path = SoBotPadTests.xctest; sourceTree = BUILT_PRODUCTS_DIR; };
		D3CC59BC1C851BDB009A1909 /* SoBotPadTests.m */ = {isa = PBXFileReference; lastKnownFileType = sourcecode.c.objc; path = SoBotPadTests.m; sourceTree = "<group>"; };
		D3CC59BE1C851BDB009A1909 /* Info.plist */ = {isa = PBXFileReference; lastKnownFileType = text.plist.xml; path = Info.plist; sourceTree = "<group>"; };
		D3CC59C31C851BDB009A1909 /* SoBotPadUITests.xctest */ = {isa = PBXFileReference; explicitFileType = wrapper.cfbundle; includeInIndex = 0; path = SoBotPadUITests.xctest; sourceTree = BUILT_PRODUCTS_DIR; };
		D3CC59C71C851BDB009A1909 /* SoBotPadUITests.m */ = {isa = PBXFileReference; lastKnownFileType = sourcecode.c.objc; path = SoBotPadUITests.m; sourceTree = "<group>"; };
		D3CC59C91C851BDB009A1909 /* Info.plist */ = {isa = PBXFileReference; lastKnownFileType = text.plist.xml; path = Info.plist; sourceTree = "<group>"; };
		D3CC59E01C852772009A1909 /* MenuCellViewController.h */ = {isa = PBXFileReference; lastKnownFileType = sourcecode.c.h; path = MenuCellViewController.h; sourceTree = "<group>"; };
		D3CC59E51C85313A009A1909 /* GamesController.h */ = {isa = PBXFileReference; lastKnownFileType = sourcecode.c.h; path = GamesController.h; sourceTree = "<group>"; };
		D3CC59E61C853412009A1909 /* GamesController.m */ = {isa = PBXFileReference; fileEncoding = 4; lastKnownFileType = sourcecode.c.objc; path = GamesController.m; sourceTree = "<group>"; };
		D3CC59EE1C853B01009A1909 /* SettingsController.m */ = {isa = PBXFileReference; fileEncoding = 4; lastKnownFileType = sourcecode.c.objc; path = SettingsController.m; sourceTree = "<group>"; };
		D3CC59F01C853B0F009A1909 /* SettingsController.h */ = {isa = PBXFileReference; lastKnownFileType = sourcecode.c.h; path = SettingsController.h; sourceTree = "<group>"; };
		D3CC59F41C853E98009A1909 /* MultipeerConnectivity.framework */ = {isa = PBXFileReference; lastKnownFileType = wrapper.framework; name = MultipeerConnectivity.framework; path = System/Library/Frameworks/MultipeerConnectivity.framework; sourceTree = SDKROOT; };
		D3CC59F61C853EC9009A1909 /* MCManager.h */ = {isa = PBXFileReference; fileEncoding = 4; lastKnownFileType = sourcecode.c.h; path = MCManager.h; sourceTree = "<group>"; };
		D3CC59F71C853EC9009A1909 /* MCManager.m */ = {isa = PBXFileReference; fileEncoding = 4; lastKnownFileType = sourcecode.c.objc; path = MCManager.m; sourceTree = "<group>"; };
		D3CC59FA1C853EFF009A1909 /* Macros.h */ = {isa = PBXFileReference; lastKnownFileType = sourcecode.c.h; path = Macros.h; sourceTree = "<group>"; };
		D3CF979A1CA0B12B00CF585B /* forward.jpeg */ = {isa = PBXFileReference; lastKnownFileType = image.jpeg; path = forward.jpeg; sourceTree = "<group>"; };
		D3CF979E1CA0D77300CF585B /* JoyStickController.h */ = {isa = PBXFileReference; lastKnownFileType = sourcecode.c.h; path = JoyStickController.h; sourceTree = "<group>"; };
		D3CF979F1CA0D78F00CF585B /* JoyStickController.m */ = {isa = PBXFileReference; fileEncoding = 4; lastKnownFileType = sourcecode.c.objc; path = JoyStickController.m; sourceTree = "<group>"; };
		D3CF97AD1CA0E11C00CF585B /* stick-base.png */ = {isa = PBXFileReference; lastKnownFileType = image.png; path = "stick-base.png"; sourceTree = "<group>"; };
		D3CF97AE1CA0E11C00CF585B /* stick-hold.png */ = {isa = PBXFileReference; lastKnownFileType = image.png; path = "stick-hold.png"; sourceTree = "<group>"; };
		D3CF97AF1CA0E11C00CF585B /* stick-normal.png */ = {isa = PBXFileReference; lastKnownFileType = image.png; path = "stick-normal.png"; sourceTree = "<group>"; };
		D3D9094D1C856913008D180A /* LevelOneController.m */ = {isa = PBXFileReference; fileEncoding = 4; lastKnownFileType = sourcecode.c.objc; path = LevelOneController.m; sourceTree = "<group>"; };
		D3D9094F1C85691F008D180A /* LevelOneController.h */ = {isa = PBXFileReference; lastKnownFileType = sourcecode.c.h; path = LevelOneController.h; sourceTree = "<group>"; };
		D3DE66801C90CB0400DB4432 /* PictureGameController.h */ = {isa = PBXFileReference; lastKnownFileType = sourcecode.c.h; path = PictureGameController.h; sourceTree = "<group>"; };
		D3DE66811C90CBDE00DB4432 /* PictureGameController.m */ = {isa = PBXFileReference; fileEncoding = 4; lastKnownFileType = sourcecode.c.objc; path = PictureGameController.m; sourceTree = "<group>"; };
		D3DE668A1C90D6DF00DB4432 /* Sentences.plist */ = {isa = PBXFileReference; fileEncoding = 4; lastKnownFileType = text.plist.xml; path = Sentences.plist; sourceTree = "<group>"; };
		D3DE668E1C90E43D00DB4432 /* Words.plist */ = {isa = PBXFileReference; fileEncoding = 4; lastKnownFileType = text.plist.xml; path = Words.plist; sourceTree = "<group>"; };
		D3E72BEE1C9DA60D00EC9610 /* RomoAskController.h */ = {isa = PBXFileReference; lastKnownFileType = sourcecode.c.h; path = RomoAskController.h; sourceTree = "<group>"; };
		D3E72BEF1C9DA62500EC9610 /* RomoAskController.m */ = {isa = PBXFileReference; fileEncoding = 4; lastKnownFileType = sourcecode.c.objc; path = RomoAskController.m; sourceTree = "<group>"; };
		D3E72BF11C9DCA9F00EC9610 /* back-key.png */ = {isa = PBXFileReference; lastKnownFileType = image.png; path = "back-key.png"; sourceTree = "<group>"; };
		D3E72BF31C9E020300EC9610 /* sitting-dog.jpg */ = {isa = PBXFileReference; lastKnownFileType = image.jpeg; path = "sitting-dog.jpg"; sourceTree = "<group>"; };
		D3E72BF41C9E020300EC9610 /* swimming-dog.png */ = {isa = PBXFileReference; lastKnownFileType = image.png; path = "swimming-dog.png"; sourceTree = "<group>"; };
		D3E72BF71C9E06B900EC9610 /* this.jpeg */ = {isa = PBXFileReference; lastKnownFileType = image.jpeg; path = this.jpeg; sourceTree = "<group>"; };
		D3E72BF91C9E06C200EC9610 /* how.jpeg */ = {isa = PBXFileReference; lastKnownFileType = image.jpeg; path = how.jpeg; sourceTree = "<group>"; };
		D3E72BFB1C9E06CE00EC9610 /* robot.jpeg */ = {isa = PBXFileReference; lastKnownFileType = image.jpeg; path = robot.jpeg; sourceTree = "<group>"; };
		D3E72BFD1C9E06DD00EC9610 /* cannot.jpeg */ = {isa = PBXFileReference; lastKnownFileType = image.jpeg; path = cannot.jpeg; sourceTree = "<group>"; };
		D3E72BFE1C9E06DD00EC9610 /* go.jpeg */ = {isa = PBXFileReference; lastKnownFileType = image.jpeg; path = go.jpeg; sourceTree = "<group>"; };
		D3E72BFF1C9E06DD00EC9610 /* goes.jpeg */ = {isa = PBXFileReference; lastKnownFileType = image.jpeg; path = goes.jpeg; sourceTree = "<group>"; };
		D3E72C001C9E06DD00EC9610 /* sitting.jpeg */ = {isa = PBXFileReference; lastKnownFileType = image.jpeg; path = sitting.jpeg; sourceTree = "<group>"; };
		D3E72C011C9E06DD00EC9610 /* swim.jpeg */ = {isa = PBXFileReference; lastKnownFileType = image.jpeg; path = swim.jpeg; sourceTree = "<group>"; };
		D3E72C021C9E06DD00EC9610 /* swimming.jpeg */ = {isa = PBXFileReference; lastKnownFileType = image.jpeg; path = swimming.jpeg; sourceTree = "<group>"; };
		D3E72C0B1C9E1A6C00EC9610 /* home-bar.png */ = {isa = PBXFileReference; lastKnownFileType = image.png; path = "home-bar.png"; sourceTree = "<group>"; };
		D3E72C0D1C9E1AFC00EC9610 /* home.png */ = {isa = PBXFileReference; lastKnownFileType = image.png; path = home.png; sourceTree = "<group>"; };
		D3E72C0F1C9E1F6800EC9610 /* robots.jpeg */ = {isa = PBXFileReference; lastKnownFileType = image.jpeg; path = robots.jpeg; sourceTree = "<group>"; };
		D3F0C8EA1C85523C00DC2728 /* Main.storyboard */ = {isa = PBXFileReference; fileEncoding = 4; lastKnownFileType = file.storyboard; path = Main.storyboard; sourceTree = "<group>"; };
		D3FE58091C9B46820029F57E /* again.jpeg */ = {isa = PBXFileReference; lastKnownFileType = image.jpeg; path = again.jpeg; sourceTree = "<group>"; };
		D3FE580A1C9B46820029F57E /* angry.jpeg */ = {isa = PBXFileReference; lastKnownFileType = image.jpeg; path = angry.jpeg; sourceTree = "<group>"; };
		D3FE580C1C9B46820029F57E /* black.jpeg */ = {isa = PBXFileReference; lastKnownFileType = image.jpeg; path = black.jpeg; sourceTree = "<group>"; };
		D3FE580D1C9B46820029F57E /* blue.jpeg */ = {isa = PBXFileReference; lastKnownFileType = image.jpeg; path = blue.jpeg; sourceTree = "<group>"; };
		D3FE580E1C9B46820029F57E /* bored.jpeg */ = {isa = PBXFileReference; lastKnownFileType = image.jpeg; path = bored.jpeg; sourceTree = "<group>"; };
		D3FE580F1C9B46820029F57E /* brown.jpeg */ = {isa = PBXFileReference; lastKnownFileType = image.jpeg; path = brown.jpeg; sourceTree = "<group>"; };
		D3FE58101C9B46820029F57E /* confused.jpeg */ = {isa = PBXFileReference; lastKnownFileType = image.jpeg; path = confused.jpeg; sourceTree = "<group>"; };
		D3FE58111C9B46820029F57E /* excited.jpeg */ = {isa = PBXFileReference; lastKnownFileType = image.jpeg; path = excited.jpeg; sourceTree = "<group>"; };
		D3FE58121C9B46820029F57E /* forward.jpeg */ = {isa = PBXFileReference; lastKnownFileType = image.jpeg; path = forward.jpeg; sourceTree = "<group>"; };
		D3FE58131C9B46820029F57E /* gold.jpeg */ = {isa = PBXFileReference; lastKnownFileType = image.jpeg; path = gold.jpeg; sourceTree = "<group>"; };
		D3FE58141C9B46820029F57E /* gray.jpeg */ = {isa = PBXFileReference; lastKnownFileType = image.jpeg; path = gray.jpeg; sourceTree = "<group>"; };
		D3FE58151C9B46820029F57E /* green.jpeg */ = {isa = PBXFileReference; lastKnownFileType = image.jpeg; path = green.jpeg; sourceTree = "<group>"; };
		D3FE58161C9B46820029F57E /* happy.jpeg */ = {isa = PBXFileReference; lastKnownFileType = image.jpeg; path = happy.jpeg; sourceTree = "<group>"; };
		D3FE58171C9B46820029F57E /* left.jpeg */ = {isa = PBXFileReference; lastKnownFileType = image.jpeg; path = left.jpeg; sourceTree = "<group>"; };
		D3FE58181C9B46820029F57E /* orange.jpeg */ = {isa = PBXFileReference; lastKnownFileType = image.jpeg; path = orange.jpeg; sourceTree = "<group>"; };
		D3FE58191C9B46820029F57E /* peach.jpeg */ = {isa = PBXFileReference; lastKnownFileType = image.jpeg; path = peach.jpeg; sourceTree = "<group>"; };
		D3FE581A1C9B46820029F57E /* pink.jpeg */ = {isa = PBXFileReference; lastKnownFileType = image.jpeg; path = pink.jpeg; sourceTree = "<group>"; };
		D3FE581B1C9B46820029F57E /* purple.jpeg */ = {isa = PBXFileReference; lastKnownFileType = image.jpeg; path = purple.jpeg; sourceTree = "<group>"; };
		D3FE581C1C9B46820029F57E /* red.jpeg */ = {isa = PBXFileReference; lastKnownFileType = image.jpeg; path = red.jpeg; sourceTree = "<group>"; };
		D3FE581D1C9B46820029F57E /* right.jpeg */ = {isa = PBXFileReference; lastKnownFileType = image.jpeg; path = right.jpeg; sourceTree = "<group>"; };
		D3FE581E1C9B46820029F57E /* sad.jpeg */ = {isa = PBXFileReference; lastKnownFileType = image.jpeg; path = sad.jpeg; sourceTree = "<group>"; };
		D3FE581F1C9B46820029F57E /* scared.jpeg */ = {isa = PBXFileReference; lastKnownFileType = image.jpeg; path = scared.jpeg; sourceTree = "<group>"; };
		D3FE58201C9B46820029F57E /* silver.jpeg */ = {isa = PBXFileReference; lastKnownFileType = image.jpeg; path = silver.jpeg; sourceTree = "<group>"; };
		D3FE58211C9B46820029F57E /* tired.jpeg */ = {isa = PBXFileReference; lastKnownFileType = image.jpeg; path = tired.jpeg; sourceTree = "<group>"; };
		D3FE58221C9B46820029F57E /* turquoise.jpeg */ = {isa = PBXFileReference; lastKnownFileType = image.jpeg; path = turquoise.jpeg; sourceTree = "<group>"; };
		D3FE58231C9B46820029F57E /* white.jpeg */ = {isa = PBXFileReference; lastKnownFileType = image.jpeg; path = white.jpeg; sourceTree = "<group>"; };
		D3FE58241C9B46820029F57E /* yellow.jpeg */ = {isa = PBXFileReference; lastKnownFileType = image.jpeg; path = yellow.jpeg; sourceTree = "<group>"; };
		D3FE58261C9B46820029F57E /* are.jpeg */ = {isa = PBXFileReference; lastKnownFileType = image.jpeg; path = are.jpeg; sourceTree = "<group>"; };
		D3FE58271C9B46820029F57E /* is.jpeg */ = {isa = PBXFileReference; lastKnownFileType = image.jpeg; path = is.jpeg; sourceTree = "<group>"; };
		D3FE58281C9B46820029F57E /* misc.jpg */ = {isa = PBXFileReference; lastKnownFileType = image.jpeg; path = misc.jpg; sourceTree = "<group>"; };
		D3FE582B1C9B46820029F57E /* animals.jpeg */ = {isa = PBXFileReference; lastKnownFileType = image.jpeg; path = animals.jpeg; sourceTree = "<group>"; };
		D3FE582C1C9B46820029F57E /* bear.jpeg */ = {isa = PBXFileReference; lastKnownFileType = image.jpeg; path = bear.jpeg; sourceTree = "<group>"; };
		D3FE582D1C9B46820029F57E /* cat.jpeg */ = {isa = PBXFileReference; lastKnownFileType = image.jpeg; path = cat.jpeg; sourceTree = "<group>"; };
		D3FE582E1C9B46820029F57E /* cats.jpeg */ = {isa = PBXFileReference; lastKnownFileType = image.jpeg; path = cats.jpeg; sourceTree = "<group>"; };
		D3FE582F1C9B46820029F57E /* chicken.jpeg */ = {isa = PBXFileReference; lastKnownFileType = image.jpeg; path = chicken.jpeg; sourceTree = "<group>"; };
		D3FE58301C9B46820029F57E /* cow.jpeg */ = {isa = PBXFileReference; lastKnownFileType = image.jpeg; path = cow.jpeg; sourceTree = "<group>"; };
		D3FE58311C9B46820029F57E /* crocodile.jpeg */ = {isa = PBXFileReference; lastKnownFileType = image.jpeg; path = crocodile.jpeg; sourceTree = "<group>"; };
		D3FE58321C9B46820029F57E /* dog.jpeg */ = {isa = PBXFileReference; lastKnownFileType = image.jpeg; path = dog.jpeg; sourceTree = "<group>"; };
		D3FE58331C9B46820029F57E /* dogs.jpeg */ = {isa = PBXFileReference; lastKnownFileType = image.jpeg; path = dogs.jpeg; sourceTree = "<group>"; };
		D3FE58341C9B46820029F57E /* duck.jpeg */ = {isa = PBXFileReference; lastKnownFileType = image.jpeg; path = duck.jpeg; sourceTree = "<group>"; };
		D3FE58351C9B46820029F57E /* elephant.jpeg */ = {isa = PBXFileReference; lastKnownFileType = image.jpeg; path = elephant.jpeg; sourceTree = "<group>"; };
		D3FE58361C9B46820029F57E /* feelings.jpeg */ = {isa = PBXFileReference; lastKnownFileType = image.jpeg; path = feelings.jpeg; sourceTree = "<group>"; };
		D3FE58371C9B46820029F57E /* fish.jpeg */ = {isa = PBXFileReference; lastKnownFileType = image.jpeg; path = fish.jpeg; sourceTree = "<group>"; };
		D3FE58381C9B46820029F57E /* giraffe.jpeg */ = {isa = PBXFileReference; lastKnownFileType = image.jpeg; path = giraffe.jpeg; sourceTree = "<group>"; };
		D3FE58391C9B46820029F57E /* guineapig.jpeg */ = {isa = PBXFileReference; lastKnownFileType = image.jpeg; path = guineapig.jpeg; sourceTree = "<group>"; };
		D3FE583A1C9B46820029F57E /* hamster.jpeg */ = {isa = PBXFileReference; lastKnownFileType = image.jpeg; path = hamster.jpeg; sourceTree = "<group>"; };
		D3FE583B1C9B46820029F57E /* hippo.jpeg */ = {isa = PBXFileReference; lastKnownFileType = image.jpeg; path = hippo.jpeg; sourceTree = "<group>"; };
		D3FE583C1C9B46820029F57E /* horse.jpeg */ = {isa = PBXFileReference; lastKnownFileType = image.jpeg; path = horse.jpeg; sourceTree = "<group>"; };
		D3FE583D1C9B46820029F57E /* lamb.jpeg */ = {isa = PBXFileReference; lastKnownFileType = image.jpeg; path = lamb.jpeg; sourceTree = "<group>"; };
		D3FE583E1C9B46820029F57E /* leopard.jpeg */ = {isa = PBXFileReference; lastKnownFileType = image.jpeg; path = leopard.jpeg; sourceTree = "<group>"; };
		D3FE583F1C9B46820029F57E /* lion.jpeg */ = {isa = PBXFileReference; lastKnownFileType = image.jpeg; path = lion.jpeg; sourceTree = "<group>"; };
		D3FE58401C9B46820029F57E /* milk.jpeg */ = {isa = PBXFileReference; lastKnownFileType = image.jpeg; path = milk.jpeg; sourceTree = "<group>"; };
		D3FE58411C9B46820029F57E /* monkey.jpeg */ = {isa = PBXFileReference; lastKnownFileType = image.jpeg; path = monkey.jpeg; sourceTree = "<group>"; };
		D3FE58421C9B46820029F57E /* mouse.jpeg */ = {isa = PBXFileReference; lastKnownFileType = image.jpeg; path = mouse.jpeg; sourceTree = "<group>"; };
		D3FE58441C9B46820029F57E /* penguin.jpeg */ = {isa = PBXFileReference; lastKnownFileType = image.jpeg; path = penguin.jpeg; sourceTree = "<group>"; };
		D3FE58451C9B46820029F57E /* pig.jpeg */ = {isa = PBXFileReference; lastKnownFileType = image.jpeg; path = pig.jpeg; sourceTree = "<group>"; };
		D3FE58461C9B46820029F57E /* rabbit.jpeg */ = {isa = PBXFileReference; lastKnownFileType = image.jpeg; path = rabbit.jpeg; sourceTree = "<group>"; };
		D3FE58471C9B46820029F57E /* snake.jpeg */ = {isa = PBXFileReference; lastKnownFileType = image.jpeg; path = snake.jpeg; sourceTree = "<group>"; };
		D3FE58481C9B46820029F57E /* tiger.jpeg */ = {isa = PBXFileReference; lastKnownFileType = image.jpeg; path = tiger.jpeg; sourceTree = "<group>"; };
		D3FE58491C9B46820029F57E /* turkey.jpeg */ = {isa = PBXFileReference; lastKnownFileType = image.jpeg; path = turkey.jpeg; sourceTree = "<group>"; };
		D3FE584A1C9B46820029F57E /* two.jpeg */ = {isa = PBXFileReference; lastKnownFileType = image.jpeg; path = two.jpeg; sourceTree = "<group>"; };
		D3FE584B1C9B46820029F57E /* zebra.jpeg */ = {isa = PBXFileReference; lastKnownFileType = image.jpeg; path = zebra.jpeg; sourceTree = "<group>"; };
		D3FE584D1C9B46820029F57E /* i.jpeg */ = {isa = PBXFileReference; lastKnownFileType = image.jpeg; path = i.jpeg; sourceTree = "<group>"; };
		D3FE584E1C9B46820029F57E /* pap.jpg */ = {isa = PBXFileReference; lastKnownFileType = image.jpeg; path = pap.jpg; sourceTree = "<group>"; };
		D3FE584F1C9B46820029F57E /* you.jpeg */ = {isa = PBXFileReference; lastKnownFileType = image.jpeg; path = you.jpeg; sourceTree = "<group>"; };
		D3FE58511C9B46820029F57E /* a.jpeg */ = {isa = PBXFileReference; lastKnownFileType = image.jpeg; path = a.jpeg; sourceTree = "<group>"; };
		D3FE58521C9B46820029F57E /* social.jpg */ = {isa = PBXFileReference; lastKnownFileType = image.jpeg; path = social.jpg; sourceTree = "<group>"; };
		D3FE58531C9B46820029F57E /* the.jpeg */ = {isa = PBXFileReference; lastKnownFileType = image.jpeg; path = the.jpeg; sourceTree = "<group>"; };
		D3FE58551C9B46820029F57E /* do.jpg */ = {isa = PBXFileReference; lastKnownFileType = image.jpeg; path = do.jpg; sourceTree = "<group>"; };
		D3FE58561C9B46820029F57E /* drinks.jpeg */ = {isa = PBXFileReference; lastKnownFileType = image.jpeg; path = drinks.jpeg; sourceTree = "<group>"; };
		D3FE58571C9B46820029F57E /* like.jpeg */ = {isa = PBXFileReference; lastKnownFileType = image.jpeg; path = like.jpeg; sourceTree = "<group>"; };
		D3FE58581C9B46820029F57E /* play.jpeg */ = {isa = PBXFileReference; lastKnownFileType = image.jpeg; path = play.jpeg; sourceTree = "<group>"; };
		D3FE58591C9B46820029F57E /* playing.jpeg */ = {isa = PBXFileReference; lastKnownFileType = image.jpeg; path = playing.jpeg; sourceTree = "<group>"; };
		D3FE585A1C9B46820029F57E /* run.jpeg */ = {isa = PBXFileReference; lastKnownFileType = image.jpeg; path = run.jpeg; sourceTree = "<group>"; };
		D3FE585B1C9B46820029F57E /* running.jpeg */ = {isa = PBXFileReference; lastKnownFileType = image.jpeg; path = running.jpeg; sourceTree = "<group>"; };
		D3FE585C1C9B46820029F57E /* sleep.jpeg */ = {isa = PBXFileReference; lastKnownFileType = image.jpeg; path = sleep.jpeg; sourceTree = "<group>"; };
		D3FE585D1C9B46820029F57E /* sleeping.jpeg */ = {isa = PBXFileReference; lastKnownFileType = image.jpeg; path = sleeping.jpeg; sourceTree = "<group>"; };
		D3FE585E1C9B46820029F57E /* stop.jpeg */ = {isa = PBXFileReference; lastKnownFileType = image.jpeg; path = stop.jpeg; sourceTree = "<group>"; };
		D3FE58B21C9B468B0029F57E /* animalsbkg.png */ = {isa = PBXFileReference; lastKnownFileType = image.png; path = animalsbkg.png; sourceTree = "<group>"; };
		D3FE58B31C9B468B0029F57E /* appbkg.jpg */ = {isa = PBXFileReference; lastKnownFileType = image.jpeg; path = appbkg.jpg; sourceTree = "<group>"; };
		D3FE58B51C9B468B0029F57E /* cardbkg.jpg */ = {isa = PBXFileReference; lastKnownFileType = image.jpeg; path = cardbkg.jpg; sourceTree = "<group>"; };
		D3FE58B61C9B468B0029F57E /* cat-milk.jpg */ = {isa = PBXFileReference; lastKnownFileType = image.jpeg; path = "cat-milk.jpg"; sourceTree = "<group>"; };
		D3FE58B91C9B468B0029F57E /* dogs-playing.jpg */ = {isa = PBXFileReference; lastKnownFileType = image.jpeg; path = "dogs-playing.jpg"; sourceTree = "<group>"; };
		D3FE58BD1C9B468B0029F57E /* game-section.png */ = {isa = PBXFileReference; lastKnownFileType = image.png; path = "game-section.png"; sourceTree = "<group>"; };
		D3FE58BF1C9B468B0029F57E /* play-again.png */ = {isa = PBXFileReference; lastKnownFileType = image.png; path = "play-again.png"; sourceTree = "<group>"; };
		D3FE58C01C9B468B0029F57E /* match-icon.png */ = {isa = PBXFileReference; lastKnownFileType = image.png; path = "match-icon.png"; sourceTree = "<group>"; };
		D3FE58C21C9B468B0029F57E /* placeholder.png */ = {isa = PBXFileReference; lastKnownFileType = image.png; path = placeholder.png; sourceTree = "<group>"; };
		D3FE58C41C9B468B0029F57E /* romo-robot.png */ = {isa = PBXFileReference; lastKnownFileType = image.png; path = "romo-robot.png"; sourceTree = "<group>"; };
		D3FE58C71C9B468B0029F57E /* running-dog.jpg */ = {isa = PBXFileReference; lastKnownFileType = image.jpeg; path = "running-dog.jpg"; sourceTree = "<group>"; };
		D3FE58C81C9B468B0029F57E /* setting.png */ = {isa = PBXFileReference; lastKnownFileType = image.png; path = setting.png; sourceTree = "<group>"; };
		D3FE58C91C9B468B0029F57E /* sleeping-cat.jpg */ = {isa = PBXFileReference; lastKnownFileType = image.jpeg; path = "sleeping-cat.jpg"; sourceTree = "<group>"; };
		D3FE58E81C9B47E80029F57E /* colours.jpg */ = {isa = PBXFileReference; lastKnownFileType = image.jpeg; path = colours.jpg; sourceTree = "<group>"; };
		D3FE58EC1C9B49B20029F57E /* no.png */ = {isa = PBXFileReference; lastKnownFileType = image.png; path = no.png; sourceTree = "<group>"; };
		D3FE58ED1C9B49B20029F57E /* yes.png */ = {isa = PBXFileReference; lastKnownFileType = image.png; path = yes.png; sourceTree = "<group>"; };
		D3FE58F01C9B502B0029F57E /* romotalk-bkg.jpeg */ = {isa = PBXFileReference; lastKnownFileType = image.jpeg; path = "romotalk-bkg.jpeg"; sourceTree = "<group>"; };
		D3FE58F31C9B59940029F57E /* bird.jpeg */ = {isa = PBXFileReference; lastKnownFileType = image.jpeg; path = bird.jpeg; sourceTree = "<group>"; };
		D3FE58F71C9B62B30029F57E /* animal.jpeg */ = {isa = PBXFileReference; lastKnownFileType = image.jpeg; path = animal.jpeg; sourceTree = "<group>"; };
		D3FE58F81C9B62B30029F57E /* day.jpeg */ = {isa = PBXFileReference; lastKnownFileType = image.jpeg; path = day.jpeg; sourceTree = "<group>"; };
		D3FE58F91C9B62B30029F57E /* energy.jpeg */ = {isa = PBXFileReference; lastKnownFileType = image.jpeg; path = energy.jpeg; sourceTree = "<group>"; };
		D3FE58FA1C9B62B30029F57E /* hate.jpeg */ = {isa = PBXFileReference; lastKnownFileType = image.jpeg; path = hate.jpeg; sourceTree = "<group>"; };
		D3FE58FF1C9B63D30029F57E /* all.jpeg */ = {isa = PBXFileReference; lastKnownFileType = image.jpeg; path = all.jpeg; sourceTree = "<group>"; };
		D3FE59001C9B63D30029F57E /* favourite.jpeg */ = {isa = PBXFileReference; lastKnownFileType = image.jpeg; path = favourite.jpeg; sourceTree = "<group>"; };
		D3FE59011C9B63D30029F57E /* more.jpeg */ = {isa = PBXFileReference; lastKnownFileType = image.jpeg; path = more.jpeg; sourceTree = "<group>"; };
		D3FE59021C9B63D30029F57E /* really.jpeg */ = {isa = PBXFileReference; lastKnownFileType = image.jpeg; path = really.jpeg; sourceTree = "<group>"; };
		D3FE59071C9B64C10029F57E /* could.jpeg */ = {isa = PBXFileReference; lastKnownFileType = image.jpeg; path = could.jpeg; sourceTree = "<group>"; };
		D3FE59081C9B64C10029F57E /* gives.jpeg */ = {isa = PBXFileReference; lastKnownFileType = image.jpeg; path = gives.jpeg; sourceTree = "<group>"; };
		D3FE590B1C9B65320029F57E /* me.jpeg */ = {isa = PBXFileReference; lastKnownFileType = image.jpeg; path = me.jpeg; sourceTree = "<group>"; };
		D3FE590C1C9B65320029F57E /* my.jpeg */ = {isa = PBXFileReference; lastKnownFileType = image.jpeg; path = my.jpeg; sourceTree = "<group>"; };
		D3FF0C011C95DACF00C3E02E /* RomoTalkController.h */ = {isa = PBXFileReference; lastKnownFileType = sourcecode.c.h; path = RomoTalkController.h; sourceTree = "<group>"; };
		D3FF0C021C95DAF500C3E02E /* RomoTalkController.m */ = {isa = PBXFileReference; fileEncoding = 4; lastKnownFileType = sourcecode.c.objc; path = RomoTalkController.m; sourceTree = "<group>"; };
/* End PBXFileReference section */

/* Begin PBXFrameworksBuildPhase section */
		D3CC59991C851BDB009A1909 /* Frameworks */ = {
			isa = PBXFrameworksBuildPhase;
			buildActionMask = 2147483647;
			files = (
				D3CC59F51C853E98009A1909 /* MultipeerConnectivity.framework in Frameworks */,
			);
			runOnlyForDeploymentPostprocessing = 0;
		};
		D3CC59B51C851BDB009A1909 /* Frameworks */ = {
			isa = PBXFrameworksBuildPhase;
			buildActionMask = 2147483647;
			files = (
			);
			runOnlyForDeploymentPostprocessing = 0;
		};
		D3CC59C01C851BDB009A1909 /* Frameworks */ = {
			isa = PBXFrameworksBuildPhase;
			buildActionMask = 2147483647;
			files = (
			);
			runOnlyForDeploymentPostprocessing = 0;
		};
/* End PBXFrameworksBuildPhase section */

/* Begin PBXGroup section */
		D319251E1C8BBD1000C6E36E /* Remote */ = {
			isa = PBXGroup;
			children = (
				D376A4351CA0525F00F906FB /* ContainerController.h */,
				D376A4361CA0525F00F906FB /* ContainerController.m */,
				D376A4371CA0525F00F906FB /* VideoPeer.h */,
				D376A4381CA0525F00F906FB /* VideoPeer.m */,
				D376A4321CA0511500F906FB /* RemoteController.h */,
				D376A4331CA0516D00F906FB /* RemoteController.m */,
				D319251B1C8BBCE600C6E36E /* FeelingsController.h */,
				D319251C1C8BBD0800C6E36E /* FeelingsController.m */,
				D3CF979E1CA0D77300CF585B /* JoyStickController.h */,
				D3CF979F1CA0D78F00CF585B /* JoyStickController.m */,
			);
			name = Remote;
			sourceTree = "<group>";
		};
		D379FFFA1C94995A00CF22F7 /* Property Lists */ = {
			isa = PBXGroup;
			children = (
				D3DE668A1C90D6DF00DB4432 /* Sentences.plist */,
				D3DE668E1C90E43D00DB4432 /* Words.plist */,
				D318B2841C8B1E93006AE44F /* Animals.plist */,
				D3C0F14D1C8B62CF00D0B26C /* Colours.plist */,
			);
			name = "Property Lists";
			sourceTree = "<group>";
		};
		D3852BDC1C8B32120012FDD4 /* Levels */ = {
			isa = PBXGroup;
			children = (
				D318B2891C8B310F006AE44F /* LevelController.h */,
				D318B28A1C8B310F006AE44F /* LevelController.m */,
				D3D9094F1C85691F008D180A /* LevelOneController.h */,
				D3D9094D1C856913008D180A /* LevelOneController.m */,
				D32E270F1C86534B00B71D25 /* LevelTwoController.h */,
				D32E27101C86537300B71D25 /* LevelTwoController.m */,
				D32E27161C8653A700B71D25 /* LevelThreeController.h */,
				D32E27121C86538000B71D25 /* LevelThreeController.m */,
				D32E27171C8653B700B71D25 /* LevelFourController.h */,
				D32E27141C86538A00B71D25 /* LevelFourController.m */,
				D32E271A1C86541800B71D25 /* LevelFiveController.h */,
				D32E27181C86540000B71D25 /* LevelFiveController.m */,
			);
			name = Levels;
			sourceTree = "<group>";
		};
		D3852BDF1C8B322E0012FDD4 /* Categories */ = {
			isa = PBXGroup;
			children = (
				D318B2881C8B3059006AE44F /* CategoryController.h */,
				D3852BDD1C8B32280012FDD4 /* CategoryController.m */,
			);
			name = Categories;
			sourceTree = "<group>";
		};
		D3CC59931C851BDB009A1909 = {
			isa = PBXGroup;
			children = (
				D3CC599E1C851BDB009A1909 /* SoBotPad */,
				D3CC59C61C851BDB009A1909 /* SoBotPadUITests */,
				D3CC59BB1C851BDB009A1909 /* SoBotPadTests */,
				D3FE58F21C9B52A10029F57E /* Frameworks */,
				D3CC599D1C851BDB009A1909 /* Products */,
			);
			sourceTree = "<group>";
		};
		D3CC599D1C851BDB009A1909 /* Products */ = {
			isa = PBXGroup;
			children = (
				D3CC599C1C851BDB009A1909 /* SoBotPad.app */,
				D3CC59B81C851BDB009A1909 /* SoBotPadTests.xctest */,
				D3CC59C31C851BDB009A1909 /* SoBotPadUITests.xctest */,
			);
			name = Products;
			sourceTree = "<group>";
		};
		D3CC599E1C851BDB009A1909 /* SoBotPad */ = {
			isa = PBXGroup;
			children = (
				D3CC59A21C851BDB009A1909 /* AppDelegate.h */,
				D3CC59A31C851BDB009A1909 /* AppDelegate.m */,
				D3F0C8EA1C85523C00DC2728 /* Main.storyboard */,
				D3CC59F11C853B75009A1909 /* Menu */,
				D3F0C8E11C854C5000DC2728 /* Games */,
				D319251E1C8BBD1000C6E36E /* Remote */,
				D3CC59F91C853EE8009A1909 /* Multipeer */,
				D3CC59DF1C852210009A1909 /* Resources */,
				D3CC599F1C851BDB009A1909 /* Supporting Files */,
			);
			path = SoBotPad;
			sourceTree = "<group>";
		};
		D3CC599F1C851BDB009A1909 /* Supporting Files */ = {
			isa = PBXGroup;
			children = (
				D3CC59AE1C851BDB009A1909 /* Assets.xcassets */,
				D3CC59B01C851BDB009A1909 /* LaunchScreen.storyboard */,
				D3CC59B31C851BDB009A1909 /* Info.plist */,
				D3CC59AB1C851BDB009A1909 /* SoBotPad.xcdatamodeld */,
				D3CC59A01C851BDB009A1909 /* main.m */,
			);
			name = "Supporting Files";
			sourceTree = "<group>";
		};
		D3CC59BB1C851BDB009A1909 /* SoBotPadTests */ = {
			isa = PBXGroup;
			children = (
				D3CC59BC1C851BDB009A1909 /* SoBotPadTests.m */,
				D3CC59BE1C851BDB009A1909 /* Info.plist */,
			);
			path = SoBotPadTests;
			sourceTree = SOURCE_ROOT;
		};
		D3CC59C61C851BDB009A1909 /* SoBotPadUITests */ = {
			isa = PBXGroup;
			children = (
				D3CC59C71C851BDB009A1909 /* SoBotPadUITests.m */,
				D3CC59C91C851BDB009A1909 /* Info.plist */,
			);
			path = SoBotPadUITests;
			sourceTree = "<group>";
		};
		D3CC59DF1C852210009A1909 /* Resources */ = {
			isa = PBXGroup;
			children = (
				D3FE58B11C9B468B0029F57E /* App Images */,
				D3FE58061C9B46820029F57E /* symbolstix */,
				D379FFFA1C94995A00CF22F7 /* Property Lists */,
			);
			name = Resources;
			sourceTree = "<group>";
		};
		D3CC59F11C853B75009A1909 /* Menu */ = {
			isa = PBXGroup;
			children = (
				D3CC59A51C851BDB009A1909 /* MenuController.h */,
				D3CC59A61C851BDB009A1909 /* MenuController.m */,
				D3CC59E01C852772009A1909 /* MenuCellViewController.h */,
				D31A704E1CA2FD2D00A52769 /* Menu-Items.plist */,
			);
			name = Menu;
			sourceTree = "<group>";
		};
		D3CC59F91C853EE8009A1909 /* Multipeer */ = {
			isa = PBXGroup;
			children = (
				D3CC59F01C853B0F009A1909 /* SettingsController.h */,
				D3CC59EE1C853B01009A1909 /* SettingsController.m */,
				D3CC59F61C853EC9009A1909 /* MCManager.h */,
				D3CC59F71C853EC9009A1909 /* MCManager.m */,
				D3CC59FA1C853EFF009A1909 /* Macros.h */,
			);
			name = Multipeer;
			sourceTree = "<group>";
		};
		D3D909C01C85F0DA008D180A /* Match Game */ = {
			isa = PBXGroup;
			children = (
				D3852BDF1C8B322E0012FDD4 /* Categories */,
				D3852BDC1C8B32120012FDD4 /* Levels */,
			);
			name = "Match Game";
			sourceTree = "<group>";
		};
		D3DE66891C90D6CE00DB4432 /* Picture Game */ = {
			isa = PBXGroup;
			children = (
				D3DE66801C90CB0400DB4432 /* PictureGameController.h */,
				D3DE66811C90CBDE00DB4432 /* PictureGameController.m */,
				D3E72BEE1C9DA60D00EC9610 /* RomoAskController.h */,
				D3E72BEF1C9DA62500EC9610 /* RomoAskController.m */,
				D3FF0C011C95DACF00C3E02E /* RomoTalkController.h */,
				D3FF0C021C95DAF500C3E02E /* RomoTalkController.m */,
			);
			name = "Picture Game";
			sourceTree = "<group>";
		};
		D3F0C8E11C854C5000DC2728 /* Games */ = {
			isa = PBXGroup;
			children = (
				D3CC59E51C85313A009A1909 /* GamesController.h */,
				D3CC59E61C853412009A1909 /* GamesController.m */,
				D3DE66891C90D6CE00DB4432 /* Picture Game */,
				D3D909C01C85F0DA008D180A /* Match Game */,
			);
			name = Games;
			sourceTree = "<group>";
		};
		D3FE58061C9B46820029F57E /* symbolstix */ = {
			isa = PBXGroup;
			children = (
				D3FE58071C9B46820029F57E /* adjectives and adverbs */,
				D3FE58251C9B46820029F57E /* misc */,
				D3FE582A1C9B46820029F57E /* nouns */,
				D3FE584C1C9B46820029F57E /* people and pronouns */,
				D3FE58501C9B46820029F57E /* social */,
				D3FE58541C9B46820029F57E /* verbs */,
			);
			name = symbolstix;
			path = ../../Images/symbolstix;
			sourceTree = "<group>";
		};
		D3FE58071C9B46820029F57E /* adjectives and adverbs */ = {
			isa = PBXGroup;
			children = (
				D3CF979A1CA0B12B00CF585B /* forward.jpeg */,
				D31A70521CA3091300A52769 /* disgust.jpeg */,
				D39AFFF21CA229F7004819D6 /* down.jpeg */,
				D39AFFF31CA229F7004819D6 /* up.jpeg */,
				D3E72BF91C9E06C200EC9610 /* how.jpeg */,
				D3FE58FF1C9B63D30029F57E /* all.jpeg */,
				D3FE59001C9B63D30029F57E /* favourite.jpeg */,
				D3FE59011C9B63D30029F57E /* more.jpeg */,
				D3FE59021C9B63D30029F57E /* really.jpeg */,
				D3FE58EC1C9B49B20029F57E /* no.png */,
				D3FE58ED1C9B49B20029F57E /* yes.png */,
				D376A43F1CA0737B00F906FB /* backward.jpg */,
				D376A43D1CA0736F00F906FB /* adjv.jpeg */,
				D3FE58091C9B46820029F57E /* again.jpeg */,
				D3FE580A1C9B46820029F57E /* angry.jpeg */,
				D3FE580C1C9B46820029F57E /* black.jpeg */,
				D3FE580D1C9B46820029F57E /* blue.jpeg */,
				D3FE580E1C9B46820029F57E /* bored.jpeg */,
				D3FE580F1C9B46820029F57E /* brown.jpeg */,
				D3FE58101C9B46820029F57E /* confused.jpeg */,
				D3FE58111C9B46820029F57E /* excited.jpeg */,
				D3FE58121C9B46820029F57E /* forward.jpeg */,
				D3FE58131C9B46820029F57E /* gold.jpeg */,
				D3FE58141C9B46820029F57E /* gray.jpeg */,
				D3FE58151C9B46820029F57E /* green.jpeg */,
				D3FE58161C9B46820029F57E /* happy.jpeg */,
				D3FE58171C9B46820029F57E /* left.jpeg */,
				D3FE58181C9B46820029F57E /* orange.jpeg */,
				D3FE58191C9B46820029F57E /* peach.jpeg */,
				D3FE581A1C9B46820029F57E /* pink.jpeg */,
				D3FE581B1C9B46820029F57E /* purple.jpeg */,
				D3FE581C1C9B46820029F57E /* red.jpeg */,
				D3FE581D1C9B46820029F57E /* right.jpeg */,
				D3FE581E1C9B46820029F57E /* sad.jpeg */,
				D3FE581F1C9B46820029F57E /* scared.jpeg */,
				D3FE58201C9B46820029F57E /* silver.jpeg */,
				D3FE58211C9B46820029F57E /* tired.jpeg */,
				D3FE58221C9B46820029F57E /* turquoise.jpeg */,
				D3FE58231C9B46820029F57E /* white.jpeg */,
				D3FE58241C9B46820029F57E /* yellow.jpeg */,
			);
			path = "adjectives and adverbs";
			sourceTree = "<group>";
		};
		D3FE58251C9B46820029F57E /* misc */ = {
			isa = PBXGroup;
			children = (
				D3FE58261C9B46820029F57E /* are.jpeg */,
				D3FE58271C9B46820029F57E /* is.jpeg */,
				D3FE58281C9B46820029F57E /* misc.jpg */,
			);
			path = misc;
			sourceTree = "<group>";
		};
		D3FE582A1C9B46820029F57E /* nouns */ = {
			isa = PBXGroup;
			children = (
				D3E72C0F1C9E1F6800EC9610 /* robots.jpeg */,
				D3E72BFB1C9E06CE00EC9610 /* robot.jpeg */,
				D3ACFE771C9CAC98003BE370 /* exclamation.jpeg */,
				D3ACFE781C9CAC98003BE370 /* questionmark.jpeg */,
				D3FE58F71C9B62B30029F57E /* animal.jpeg */,
				D3FE58F81C9B62B30029F57E /* day.jpeg */,
				D3FE58F91C9B62B30029F57E /* energy.jpeg */,
				D3FE58FA1C9B62B30029F57E /* hate.jpeg */,
				D3FE58E81C9B47E80029F57E /* colours.jpg */,
				D3FE582B1C9B46820029F57E /* animals.jpeg */,
				D3FE582C1C9B46820029F57E /* bear.jpeg */,
				D3FE58F31C9B59940029F57E /* bird.jpeg */,
				D3FE582D1C9B46820029F57E /* cat.jpeg */,
				D3FE582E1C9B46820029F57E /* cats.jpeg */,
				D3FE582F1C9B46820029F57E /* chicken.jpeg */,
				D3FE58301C9B46820029F57E /* cow.jpeg */,
				D3FE58311C9B46820029F57E /* crocodile.jpeg */,
				D3FE58321C9B46820029F57E /* dog.jpeg */,
				D3FE58331C9B46820029F57E /* dogs.jpeg */,
				D3FE58341C9B46820029F57E /* duck.jpeg */,
				D3FE58351C9B46820029F57E /* elephant.jpeg */,
				D3FE58361C9B46820029F57E /* feelings.jpeg */,
				D3FE58371C9B46820029F57E /* fish.jpeg */,
				D3FE58381C9B46820029F57E /* giraffe.jpeg */,
				D3FE58391C9B46820029F57E /* guineapig.jpeg */,
				D3FE583A1C9B46820029F57E /* hamster.jpeg */,
				D3FE583B1C9B46820029F57E /* hippo.jpeg */,
				D3FE583C1C9B46820029F57E /* horse.jpeg */,
				D3FE583D1C9B46820029F57E /* lamb.jpeg */,
				D3FE583E1C9B46820029F57E /* leopard.jpeg */,
				D3FE583F1C9B46820029F57E /* lion.jpeg */,
				D3FE58401C9B46820029F57E /* milk.jpeg */,
				D3FE58411C9B46820029F57E /* monkey.jpeg */,
				D3FE58421C9B46820029F57E /* mouse.jpeg */,
				D3FE58441C9B46820029F57E /* penguin.jpeg */,
				D3FE58451C9B46820029F57E /* pig.jpeg */,
				D3FE58461C9B46820029F57E /* rabbit.jpeg */,
				D3FE58471C9B46820029F57E /* snake.jpeg */,
				D3FE58481C9B46820029F57E /* tiger.jpeg */,
				D3FE58491C9B46820029F57E /* turkey.jpeg */,
				D3FE584A1C9B46820029F57E /* two.jpeg */,
				D3FE584B1C9B46820029F57E /* zebra.jpeg */,
			);
			path = nouns;
			sourceTree = "<group>";
		};
		D3FE584C1C9B46820029F57E /* people and pronouns */ = {
			isa = PBXGroup;
			children = (
				D3E72BF71C9E06B900EC9610 /* this.jpeg */,
				D3FE590B1C9B65320029F57E /* me.jpeg */,
				D3FE590C1C9B65320029F57E /* my.jpeg */,
				D3FE584D1C9B46820029F57E /* i.jpeg */,
				D3FE584E1C9B46820029F57E /* pap.jpg */,
				D3FE584F1C9B46820029F57E /* you.jpeg */,
			);
			path = "people and pronouns";
			sourceTree = "<group>";
		};
		D3FE58501C9B46820029F57E /* social */ = {
			isa = PBXGroup;
			children = (
				D3FE58511C9B46820029F57E /* a.jpeg */,
				D3FE58521C9B46820029F57E /* social.jpg */,
				D3FE58531C9B46820029F57E /* the.jpeg */,
			);
			path = social;
			sourceTree = "<group>";
		};
		D3FE58541C9B46820029F57E /* verbs */ = {
			isa = PBXGroup;
			children = (
				D31FEFA91CA6E182004E8C77 /* listen-again.jpeg */,
				D3E72BFD1C9E06DD00EC9610 /* cannot.jpeg */,
				D3E72BFE1C9E06DD00EC9610 /* go.jpeg */,
				D3E72BFF1C9E06DD00EC9610 /* goes.jpeg */,
				D3E72C001C9E06DD00EC9610 /* sitting.jpeg */,
				D3E72C011C9E06DD00EC9610 /* swim.jpeg */,
				D3E72C021C9E06DD00EC9610 /* swimming.jpeg */,
				D3FE59071C9B64C10029F57E /* could.jpeg */,
				D3FE59081C9B64C10029F57E /* gives.jpeg */,
				D3FE58551C9B46820029F57E /* do.jpg */,
				D3FE58561C9B46820029F57E /* drinks.jpeg */,
				D3FE58571C9B46820029F57E /* like.jpeg */,
				D3FE58581C9B46820029F57E /* play.jpeg */,
				D3FE58591C9B46820029F57E /* playing.jpeg */,
				D3FE585A1C9B46820029F57E /* run.jpeg */,
				D3FE585B1C9B46820029F57E /* running.jpeg */,
				D3FE585C1C9B46820029F57E /* sleep.jpeg */,
				D3FE585D1C9B46820029F57E /* sleeping.jpeg */,
				D3FE585E1C9B46820029F57E /* stop.jpeg */,
			);
			path = verbs;
			sourceTree = "<group>";
		};
		D3FE58B11C9B468B0029F57E /* App Images */ = {
			isa = PBXGroup;
			children = (
				D31FEFA71CA6CC30004E8C77 /* under-image.jpg */,
				D31FEF9B1CA435BC004E8C77 /* colour-bkg.png */,
				D31FEF971CA42F57004E8C77 /* bkg-app.png */,
				D31A70501CA3000B00A52769 /* romo-placeholder.png */,
				D3CF97AD1CA0E11C00CF585B /* stick-base.png */,
				D3CF97AE1CA0E11C00CF585B /* stick-hold.png */,
				D3CF97AF1CA0E11C00CF585B /* stick-normal.png */,
				D376A43B1CA0596200F906FB /* remote.png */,
				D3E72C0B1C9E1A6C00EC9610 /* home-bar.png */,
				D3E72C0D1C9E1AFC00EC9610 /* home.png */,
				D3E72BF31C9E020300EC9610 /* sitting-dog.jpg */,
				D3E72BF41C9E020300EC9610 /* swimming-dog.png */,
				D3E72BF11C9DCA9F00EC9610 /* back-key.png */,
				D3FE58B21C9B468B0029F57E /* animalsbkg.png */,
				D3FE58B31C9B468B0029F57E /* appbkg.jpg */,
				D3FE58B51C9B468B0029F57E /* cardbkg.jpg */,
				D3FE58B61C9B468B0029F57E /* cat-milk.jpg */,
				D3FE58B91C9B468B0029F57E /* dogs-playing.jpg */,
				D3FE58BD1C9B468B0029F57E /* game-section.png */,
				D31FEF9D1CA453EF004E8C77 /* level-five.png */,
				D31FEF9E1CA453EF004E8C77 /* level-four.png */,
				D31FEF9F1CA453EF004E8C77 /* level-one.png */,
				D31FEFA01CA453EF004E8C77 /* level-three.png */,
				D31FEFA11CA453EF004E8C77 /* level-two.png */,
				D3FE58BF1C9B468B0029F57E /* play-again.png */,
				D3FE58C01C9B468B0029F57E /* match-icon.png */,
				D31A704C1CA2FCBC00A52769 /* picture-game.png */,
				D3FE58C21C9B468B0029F57E /* placeholder.png */,
				D3FE58C41C9B468B0029F57E /* romo-robot.png */,
				D3FE58C71C9B468B0029F57E /* running-dog.jpg */,
				D3FE58F01C9B502B0029F57E /* romotalk-bkg.jpeg */,
				D3FE58C81C9B468B0029F57E /* setting.png */,
				D3FE58C91C9B468B0029F57E /* sleeping-cat.jpg */,
			);
			name = "App Images";
			path = "../../Images/App Images";
			sourceTree = "<group>";
		};
		D3FE58F21C9B52A10029F57E /* Frameworks */ = {
			isa = PBXGroup;
			children = (
				D3CC59F41C853E98009A1909 /* MultipeerConnectivity.framework */,
			);
			name = Frameworks;
			path = SoBotPad;
			sourceTree = "<group>";
		};
/* End PBXGroup section */

/* Begin PBXNativeTarget section */
		D3CC599B1C851BDB009A1909 /* SoBotPad */ = {
			isa = PBXNativeTarget;
			buildConfigurationList = D3CC59CC1C851BDB009A1909 /* Build configuration list for PBXNativeTarget "SoBotPad" */;
			buildPhases = (
				D3CC59981C851BDB009A1909 /* Sources */,
				D3CC59991C851BDB009A1909 /* Frameworks */,
				D3CC599A1C851BDB009A1909 /* Resources */,
			);
			buildRules = (
			);
			dependencies = (
			);
			name = SoBotPad;
			productName = SoBotPad;
			productReference = D3CC599C1C851BDB009A1909 /* SoBotPad.app */;
			productType = "com.apple.product-type.application";
		};
		D3CC59B71C851BDB009A1909 /* SoBotPadTests */ = {
			isa = PBXNativeTarget;
			buildConfigurationList = D3CC59CF1C851BDB009A1909 /* Build configuration list for PBXNativeTarget "SoBotPadTests" */;
			buildPhases = (
				D3CC59B41C851BDB009A1909 /* Sources */,
				D3CC59B51C851BDB009A1909 /* Frameworks */,
				D3CC59B61C851BDB009A1909 /* Resources */,
			);
			buildRules = (
			);
			dependencies = (
				D3CC59BA1C851BDB009A1909 /* PBXTargetDependency */,
			);
			name = SoBotPadTests;
			productName = SoBotPadTests;
			productReference = D3CC59B81C851BDB009A1909 /* SoBotPadTests.xctest */;
			productType = "com.apple.product-type.bundle.unit-test";
		};
		D3CC59C21C851BDB009A1909 /* SoBotPadUITests */ = {
			isa = PBXNativeTarget;
			buildConfigurationList = D3CC59D21C851BDB009A1909 /* Build configuration list for PBXNativeTarget "SoBotPadUITests" */;
			buildPhases = (
				D3CC59BF1C851BDB009A1909 /* Sources */,
				D3CC59C01C851BDB009A1909 /* Frameworks */,
				D3CC59C11C851BDB009A1909 /* Resources */,
			);
			buildRules = (
			);
			dependencies = (
				D3CC59C51C851BDB009A1909 /* PBXTargetDependency */,
			);
			name = SoBotPadUITests;
			productName = SoBotPadUITests;
			productReference = D3CC59C31C851BDB009A1909 /* SoBotPadUITests.xctest */;
			productType = "com.apple.product-type.bundle.ui-testing";
		};
/* End PBXNativeTarget section */

/* Begin PBXProject section */
		D3CC59941C851BDB009A1909 /* Project object */ = {
			isa = PBXProject;
			attributes = {
				LastUpgradeCheck = 0720;
				ORGANIZATIONNAME = Laura;
				TargetAttributes = {
					D3CC599B1C851BDB009A1909 = {
						CreatedOnToolsVersion = 7.2.1;
					};
					D3CC59B71C851BDB009A1909 = {
						CreatedOnToolsVersion = 7.2.1;
						TestTargetID = D3CC599B1C851BDB009A1909;
					};
					D3CC59C21C851BDB009A1909 = {
						CreatedOnToolsVersion = 7.2.1;
						TestTargetID = D3CC599B1C851BDB009A1909;
					};
				};
			};
			buildConfigurationList = D3CC59971C851BDB009A1909 /* Build configuration list for PBXProject "SoBotPad" */;
			compatibilityVersion = "Xcode 3.2";
			developmentRegion = English;
			hasScannedForEncodings = 0;
			knownRegions = (
				en,
				Base,
			);
			mainGroup = D3CC59931C851BDB009A1909;
			productRefGroup = D3CC599D1C851BDB009A1909 /* Products */;
			projectDirPath = "";
			projectRoot = "";
			targets = (
				D3CC599B1C851BDB009A1909 /* SoBotPad */,
				D3CC59B71C851BDB009A1909 /* SoBotPadTests */,
				D3CC59C21C851BDB009A1909 /* SoBotPadUITests */,
			);
		};
/* End PBXProject section */

/* Begin PBXResourcesBuildPhase section */
		D3CC599A1C851BDB009A1909 /* Resources */ = {
			isa = PBXResourcesBuildPhase;
			buildActionMask = 2147483647;
			files = (
				D3FE58751C9B46820029F57E /* sad.jpeg in Resources */,
				D3FE58971C9B46820029F57E /* mouse.jpeg in Resources */,
				D31A704D1CA2FCBC00A52769 /* picture-game.png in Resources */,
				D3FE58DA1C9B468B0029F57E /* play-again.png in Resources */,
				D3E72BFA1C9E06C200EC9610 /* how.jpeg in Resources */,
				D3FE58841C9B46820029F57E /* chicken.jpeg in Resources */,
				D31FEFA51CA453EF004E8C77 /* level-three.png in Resources */,
				D3FE589B1C9B46820029F57E /* rabbit.jpeg in Resources */,
				D3E72BF81C9E06B900EC9610 /* this.jpeg in Resources */,
				D3FE58FB1C9B62B30029F57E /* animal.jpeg in Resources */,
				D3FE58951C9B46820029F57E /* milk.jpeg in Resources */,
				D3FE589A1C9B46820029F57E /* pig.jpeg in Resources */,
				D3FE58771C9B46820029F57E /* silver.jpeg in Resources */,
				D3FE58731C9B46820029F57E /* red.jpeg in Resources */,
				D3DE668F1C90E43D00DB4432 /* Words.plist in Resources */,
				D3FE58911C9B46820029F57E /* horse.jpeg in Resources */,
				D3FE587C1C9B46820029F57E /* are.jpeg in Resources */,
				D3FE59051C9B63D30029F57E /* more.jpeg in Resources */,
				D3FE58861C9B46820029F57E /* crocodile.jpeg in Resources */,
				D3FE59041C9B63D30029F57E /* favourite.jpeg in Resources */,
				D3FE588D1C9B46820029F57E /* giraffe.jpeg in Resources */,
				D3FE590E1C9B65320029F57E /* my.jpeg in Resources */,
				D3FE58A41C9B46820029F57E /* a.jpeg in Resources */,
				D3FE590D1C9B65320029F57E /* me.jpeg in Resources */,
				D3E72C0E1C9E1AFC00EC9610 /* home.png in Resources */,
				D3E72C051C9E06DD00EC9610 /* goes.jpeg in Resources */,
				D3FE59061C9B63D30029F57E /* really.jpeg in Resources */,
				D3FE58871C9B46820029F57E /* dog.jpeg in Resources */,
				D3FE58851C9B46820029F57E /* cow.jpeg in Resources */,
				D3CC59B21C851BDB009A1909 /* LaunchScreen.storyboard in Resources */,
				D3E72C031C9E06DD00EC9610 /* cannot.jpeg in Resources */,
				D3FE58D11C9B468B0029F57E /* cat-milk.jpg in Resources */,
				D3FE58E91C9B47E80029F57E /* colours.jpg in Resources */,
				D3FE58991C9B46820029F57E /* penguin.jpeg in Resources */,
				D3FE58691C9B46820029F57E /* forward.jpeg in Resources */,
				D3E72C061C9E06DD00EC9610 /* sitting.jpeg in Resources */,
				D3FE58781C9B46820029F57E /* tired.jpeg in Resources */,
				D376A43C1CA0596200F906FB /* remote.png in Resources */,
				D3CF97B21CA0E11C00CF585B /* stick-normal.png in Resources */,
				D3FE586B1C9B46820029F57E /* gray.jpeg in Resources */,
				D376A43E1CA0736F00F906FB /* adjv.jpeg in Resources */,
				D3FE58A01C9B46820029F57E /* zebra.jpeg in Resources */,
				D3FE58FC1C9B62B30029F57E /* day.jpeg in Resources */,
				D3FE58801C9B46820029F57E /* animals.jpeg in Resources */,
				D3FE587D1C9B46820029F57E /* is.jpeg in Resources */,
				D3FE58EE1C9B49B20029F57E /* no.png in Resources */,
				D3FE58DD1C9B468B0029F57E /* placeholder.png in Resources */,
				D3FE58901C9B46820029F57E /* hippo.jpeg in Resources */,
				D39AFFF51CA229F7004819D6 /* up.jpeg in Resources */,
				D3FE58D01C9B468B0029F57E /* cardbkg.jpg in Resources */,
				D376A4401CA0737B00F906FB /* backward.jpg in Resources */,
				D3FE58601C9B46820029F57E /* again.jpeg in Resources */,
				D39AFFF41CA229F7004819D6 /* down.jpeg in Resources */,
				D31FEF9C1CA435BC004E8C77 /* colour-bkg.png in Resources */,
				D3FE58821C9B46820029F57E /* cat.jpeg in Resources */,
				D3FE587E1C9B46820029F57E /* misc.jpg in Resources */,
				D3FE588E1C9B46820029F57E /* guineapig.jpeg in Resources */,
				D3FE588A1C9B46820029F57E /* elephant.jpeg in Resources */,
				D31FEFA81CA6CC30004E8C77 /* under-image.jpg in Resources */,
				D3FE58F41C9B59940029F57E /* bird.jpeg in Resources */,
				D3F0C8EB1C85523C00DC2728 /* Main.storyboard in Resources */,
				D3FE58A11C9B46820029F57E /* i.jpeg in Resources */,
				D3FE58A21C9B46820029F57E /* pap.jpg in Resources */,
				D3FE58AC1C9B46820029F57E /* run.jpeg in Resources */,
				D31FEFA31CA453EF004E8C77 /* level-four.png in Resources */,
				D3FE587B1C9B46820029F57E /* yellow.jpeg in Resources */,
				D3FE58D81C9B468B0029F57E /* game-section.png in Resources */,
				D3FE58F11C9B502B0029F57E /* romotalk-bkg.jpeg in Resources */,
				D3FE588C1C9B46820029F57E /* fish.jpeg in Resources */,
				D3E72C081C9E06DD00EC9610 /* swimming.jpeg in Resources */,
				D3ACFE7A1C9CAC98003BE370 /* questionmark.jpeg in Resources */,
				D3E72C041C9E06DD00EC9610 /* go.jpeg in Resources */,
				D3FE58E31C9B468B0029F57E /* setting.png in Resources */,
				D3FE58DF1C9B468B0029F57E /* romo-robot.png in Resources */,
				D3FE58791C9B46820029F57E /* turquoise.jpeg in Resources */,
				D3FE58AD1C9B46820029F57E /* running.jpeg in Resources */,
				D3FE58A31C9B46820029F57E /* you.jpeg in Resources */,
				D31FEFA41CA453EF004E8C77 /* level-one.png in Resources */,
				D3FE589C1C9B46820029F57E /* snake.jpeg in Resources */,
				D3FE58A51C9B46820029F57E /* social.jpg in Resources */,
				D31A704F1CA2FD2D00A52769 /* Menu-Items.plist in Resources */,
				D31FEFAA1CA6E182004E8C77 /* listen-again.jpeg in Resources */,
				D3FE587A1C9B46820029F57E /* white.jpeg in Resources */,
				D3E72BF21C9DCA9F00EC9610 /* back-key.png in Resources */,
				D3FE589E1C9B46820029F57E /* turkey.jpeg in Resources */,
				D3C0F14E1C8B62CF00D0B26C /* Colours.plist in Resources */,
				D3FE58CD1C9B468B0029F57E /* animalsbkg.png in Resources */,
				D3FE58E41C9B468B0029F57E /* sleeping-cat.jpg in Resources */,
				D3E72BF61C9E020300EC9610 /* swimming-dog.png in Resources */,
				D3E72BF51C9E020300EC9610 /* sitting-dog.jpg in Resources */,
				D3FE586F1C9B46820029F57E /* orange.jpeg in Resources */,
				D3FE58AB1C9B46820029F57E /* playing.jpeg in Resources */,
				D3FE58A61C9B46820029F57E /* the.jpeg in Resources */,
				D3FE58A71C9B46820029F57E /* do.jpg in Resources */,
				D3FE59031C9B63D30029F57E /* all.jpeg in Resources */,
				D31A70511CA3000B00A52769 /* romo-placeholder.png in Resources */,
				D31FEF981CA42F57004E8C77 /* bkg-app.png in Resources */,
				D3CF97B11CA0E11C00CF585B /* stick-hold.png in Resources */,
				D3FE586E1C9B46820029F57E /* left.jpeg in Resources */,
				D3FE58681C9B46820029F57E /* excited.jpeg in Resources */,
				D3FE58D41C9B468B0029F57E /* dogs-playing.jpg in Resources */,
				D3FE58931C9B46820029F57E /* leopard.jpeg in Resources */,
				D3FE590A1C9B64C10029F57E /* gives.jpeg in Resources */,
				D3FE58701C9B46820029F57E /* peach.jpeg in Resources */,
				D3FE58831C9B46820029F57E /* cats.jpeg in Resources */,
				D31A70531CA3091300A52769 /* disgust.jpeg in Resources */,
				D3FE588B1C9B46820029F57E /* feelings.jpeg in Resources */,
				D3FE58661C9B46820029F57E /* brown.jpeg in Resources */,
				D3ACFE791C9CAC98003BE370 /* exclamation.jpeg in Resources */,
				D3FE58FD1C9B62B30029F57E /* energy.jpeg in Resources */,
				D3FE58CE1C9B468B0029F57E /* appbkg.jpg in Resources */,
				D3E72BFC1C9E06CE00EC9610 /* robot.jpeg in Resources */,
				D3DE668B1C90D6DF00DB4432 /* Sentences.plist in Resources */,
				D318B2851C8B1E93006AE44F /* Animals.plist in Resources */,
				D3E72C101C9E1F6800EC9610 /* robots.jpeg in Resources */,
				D3FE58761C9B46820029F57E /* scared.jpeg in Resources */,
				D3FE58921C9B46820029F57E /* lamb.jpeg in Resources */,
				D3FE58811C9B46820029F57E /* bear.jpeg in Resources */,
				D3FE586A1C9B46820029F57E /* gold.jpeg in Resources */,
				D3FE58FE1C9B62B30029F57E /* hate.jpeg in Resources */,
				D3E72C0C1C9E1A6C00EC9610 /* home-bar.png in Resources */,
				D3FE58881C9B46820029F57E /* dogs.jpeg in Resources */,
				D3FE58891C9B46820029F57E /* duck.jpeg in Resources */,
				D3FE58631C9B46820029F57E /* black.jpeg in Resources */,
				D3FE58961C9B46820029F57E /* monkey.jpeg in Resources */,
				D31FEFA21CA453EF004E8C77 /* level-five.png in Resources */,
				D3FE58611C9B46820029F57E /* angry.jpeg in Resources */,
				D3CC59AF1C851BDB009A1909 /* Assets.xcassets in Resources */,
				D3FE586D1C9B46820029F57E /* happy.jpeg in Resources */,
				D3FE58EF1C9B49B20029F57E /* yes.png in Resources */,
				D3FE58DB1C9B468B0029F57E /* match-icon.png in Resources */,
				D3E72C071C9E06DD00EC9610 /* swim.jpeg in Resources */,
				D3FE58A91C9B46820029F57E /* like.jpeg in Resources */,
				D3FE58B01C9B46820029F57E /* stop.jpeg in Resources */,
				D3FE58641C9B46820029F57E /* blue.jpeg in Resources */,
				D3FE58AF1C9B46820029F57E /* sleeping.jpeg in Resources */,
				D3FE589D1C9B46820029F57E /* tiger.jpeg in Resources */,
				D3FE58741C9B46820029F57E /* right.jpeg in Resources */,
				D3FE58A81C9B46820029F57E /* drinks.jpeg in Resources */,
				D3FE589F1C9B46820029F57E /* two.jpeg in Resources */,
				D3FE58721C9B46820029F57E /* purple.jpeg in Resources */,
				D3FE58AE1C9B46820029F57E /* sleep.jpeg in Resources */,
				D31FEFA61CA453EF004E8C77 /* level-two.png in Resources */,
				D3FE59091C9B64C10029F57E /* could.jpeg in Resources */,
				D3FE588F1C9B46820029F57E /* hamster.jpeg in Resources */,
				D3FE58E21C9B468B0029F57E /* running-dog.jpg in Resources */,
				D3FE58711C9B46820029F57E /* pink.jpeg in Resources */,
				D3FE58651C9B46820029F57E /* bored.jpeg in Resources */,
				D3FE58671C9B46820029F57E /* confused.jpeg in Resources */,
				D3FE586C1C9B46820029F57E /* green.jpeg in Resources */,
				D3FE58941C9B46820029F57E /* lion.jpeg in Resources */,
				D3FE58AA1C9B46820029F57E /* play.jpeg in Resources */,
				D3CF97B01CA0E11C00CF585B /* stick-base.png in Resources */,
			);
			runOnlyForDeploymentPostprocessing = 0;
		};
		D3CC59B61C851BDB009A1909 /* Resources */ = {
			isa = PBXResourcesBuildPhase;
			buildActionMask = 2147483647;
			files = (
			);
			runOnlyForDeploymentPostprocessing = 0;
		};
		D3CC59C11C851BDB009A1909 /* Resources */ = {
			isa = PBXResourcesBuildPhase;
			buildActionMask = 2147483647;
			files = (
			);
			runOnlyForDeploymentPostprocessing = 0;
		};
/* End PBXResourcesBuildPhase section */

/* Begin PBXSourcesBuildPhase section */
		D3CC59981C851BDB009A1909 /* Sources */ = {
			isa = PBXSourcesBuildPhase;
			buildActionMask = 2147483647;
			files = (
				D3FF0C031C95DAF500C3E02E /* RomoTalkController.m in Sources */,
				D376A43A1CA0525F00F906FB /* VideoPeer.m in Sources */,
				D32E27151C86538A00B71D25 /* LevelFourController.m in Sources */,
				D3CF97A01CA0D78F00CF585B /* JoyStickController.m in Sources */,
				D318B28B1C8B310F006AE44F /* LevelController.m in Sources */,
				D3CC59EF1C853B01009A1909 /* SettingsController.m in Sources */,
				D3CC59A71C851BDB009A1909 /* MenuController.m in Sources */,
				D3CC59AD1C851BDB009A1909 /* SoBotPad.xcdatamodeld in Sources */,
				D3852BDE1C8B32280012FDD4 /* CategoryController.m in Sources */,
				D32E27191C86540000B71D25 /* LevelFiveController.m in Sources */,
				D3E72BF01C9DA62500EC9610 /* RomoAskController.m in Sources */,
				D3D9094E1C856913008D180A /* LevelOneController.m in Sources */,
				D32E27131C86538000B71D25 /* LevelThreeController.m in Sources */,
				D3CC59A41C851BDB009A1909 /* AppDelegate.m in Sources */,
				D3CC59E71C853412009A1909 /* GamesController.m in Sources */,
				D319251D1C8BBD0800C6E36E /* FeelingsController.m in Sources */,
				D376A4391CA0525F00F906FB /* ContainerController.m in Sources */,
				D376A4341CA0516D00F906FB /* RemoteController.m in Sources */,
				D3DE66821C90CBDE00DB4432 /* PictureGameController.m in Sources */,
				D32E27111C86537300B71D25 /* LevelTwoController.m in Sources */,
				D3CC59F81C853EC9009A1909 /* MCManager.m in Sources */,
				D3CC59A11C851BDB009A1909 /* main.m in Sources */,
			);
			runOnlyForDeploymentPostprocessing = 0;
		};
		D3CC59B41C851BDB009A1909 /* Sources */ = {
			isa = PBXSourcesBuildPhase;
			buildActionMask = 2147483647;
			files = (
				D3CC59BD1C851BDB009A1909 /* SoBotPadTests.m in Sources */,
			);
			runOnlyForDeploymentPostprocessing = 0;
		};
		D3CC59BF1C851BDB009A1909 /* Sources */ = {
			isa = PBXSourcesBuildPhase;
			buildActionMask = 2147483647;
			files = (
				D3CC59C81C851BDB009A1909 /* SoBotPadUITests.m in Sources */,
			);
			runOnlyForDeploymentPostprocessing = 0;
		};
/* End PBXSourcesBuildPhase section */

/* Begin PBXTargetDependency section */
		D3CC59BA1C851BDB009A1909 /* PBXTargetDependency */ = {
			isa = PBXTargetDependency;
			target = D3CC599B1C851BDB009A1909 /* SoBotPad */;
			targetProxy = D3CC59B91C851BDB009A1909 /* PBXContainerItemProxy */;
		};
		D3CC59C51C851BDB009A1909 /* PBXTargetDependency */ = {
			isa = PBXTargetDependency;
			target = D3CC599B1C851BDB009A1909 /* SoBotPad */;
			targetProxy = D3CC59C41C851BDB009A1909 /* PBXContainerItemProxy */;
		};
/* End PBXTargetDependency section */

/* Begin PBXVariantGroup section */
		D3CC59B01C851BDB009A1909 /* LaunchScreen.storyboard */ = {
			isa = PBXVariantGroup;
			children = (
				D3CC59B11C851BDB009A1909 /* Base */,
			);
			name = LaunchScreen.storyboard;
			sourceTree = "<group>";
		};
/* End PBXVariantGroup section */

/* Begin XCBuildConfiguration section */
		D3CC59CA1C851BDB009A1909 /* Debug */ = {
			isa = XCBuildConfiguration;
			buildSettings = {
				ALWAYS_SEARCH_USER_PATHS = NO;
				CLANG_CXX_LANGUAGE_STANDARD = "gnu++0x";
				CLANG_CXX_LIBRARY = "libc++";
				CLANG_ENABLE_MODULES = YES;
				CLANG_ENABLE_OBJC_ARC = YES;
				CLANG_WARN_BOOL_CONVERSION = YES;
				CLANG_WARN_CONSTANT_CONVERSION = YES;
				CLANG_WARN_DIRECT_OBJC_ISA_USAGE = YES_ERROR;
				CLANG_WARN_EMPTY_BODY = YES;
				CLANG_WARN_ENUM_CONVERSION = YES;
				CLANG_WARN_INT_CONVERSION = YES;
				CLANG_WARN_OBJC_ROOT_CLASS = YES_ERROR;
				CLANG_WARN_UNREACHABLE_CODE = YES;
				CLANG_WARN__DUPLICATE_METHOD_MATCH = YES;
				"CODE_SIGN_IDENTITY[sdk=iphoneos*]" = "iPhone Developer";
				COPY_PHASE_STRIP = NO;
				DEBUG_INFORMATION_FORMAT = dwarf;
				ENABLE_STRICT_OBJC_MSGSEND = YES;
				ENABLE_TESTABILITY = YES;
				GCC_C_LANGUAGE_STANDARD = gnu99;
				GCC_DYNAMIC_NO_PIC = NO;
				GCC_NO_COMMON_BLOCKS = YES;
				GCC_OPTIMIZATION_LEVEL = 0;
				GCC_PREPROCESSOR_DEFINITIONS = (
					"DEBUG=1",
					"$(inherited)",
				);
				GCC_WARN_64_TO_32_BIT_CONVERSION = YES;
				GCC_WARN_ABOUT_RETURN_TYPE = YES_ERROR;
				GCC_WARN_UNDECLARED_SELECTOR = YES;
				GCC_WARN_UNINITIALIZED_AUTOS = YES_AGGRESSIVE;
				GCC_WARN_UNUSED_FUNCTION = YES;
				GCC_WARN_UNUSED_VARIABLE = YES;
				IPHONEOS_DEPLOYMENT_TARGET = 9.2;
				MTL_ENABLE_DEBUG_INFO = YES;
				ONLY_ACTIVE_ARCH = YES;
				SDKROOT = iphoneos;
				TARGETED_DEVICE_FAMILY = 2;
			};
			name = Debug;
		};
		D3CC59CB1C851BDB009A1909 /* Release */ = {
			isa = XCBuildConfiguration;
			buildSettings = {
				ALWAYS_SEARCH_USER_PATHS = NO;
				CLANG_CXX_LANGUAGE_STANDARD = "gnu++0x";
				CLANG_CXX_LIBRARY = "libc++";
				CLANG_ENABLE_MODULES = YES;
				CLANG_ENABLE_OBJC_ARC = YES;
				CLANG_WARN_BOOL_CONVERSION = YES;
				CLANG_WARN_CONSTANT_CONVERSION = YES;
				CLANG_WARN_DIRECT_OBJC_ISA_USAGE = YES_ERROR;
				CLANG_WARN_EMPTY_BODY = YES;
				CLANG_WARN_ENUM_CONVERSION = YES;
				CLANG_WARN_INT_CONVERSION = YES;
				CLANG_WARN_OBJC_ROOT_CLASS = YES_ERROR;
				CLANG_WARN_UNREACHABLE_CODE = YES;
				CLANG_WARN__DUPLICATE_METHOD_MATCH = YES;
				"CODE_SIGN_IDENTITY[sdk=iphoneos*]" = "iPhone Developer";
				COPY_PHASE_STRIP = NO;
				DEBUG_INFORMATION_FORMAT = "dwarf-with-dsym";
				ENABLE_NS_ASSERTIONS = NO;
				ENABLE_STRICT_OBJC_MSGSEND = YES;
				GCC_C_LANGUAGE_STANDARD = gnu99;
				GCC_NO_COMMON_BLOCKS = YES;
				GCC_WARN_64_TO_32_BIT_CONVERSION = YES;
				GCC_WARN_ABOUT_RETURN_TYPE = YES_ERROR;
				GCC_WARN_UNDECLARED_SELECTOR = YES;
				GCC_WARN_UNINITIALIZED_AUTOS = YES_AGGRESSIVE;
				GCC_WARN_UNUSED_FUNCTION = YES;
				GCC_WARN_UNUSED_VARIABLE = YES;
				IPHONEOS_DEPLOYMENT_TARGET = 9.2;
				MTL_ENABLE_DEBUG_INFO = NO;
				SDKROOT = iphoneos;
				TARGETED_DEVICE_FAMILY = 2;
				VALIDATE_PRODUCT = YES;
			};
			name = Release;
		};
		D3CC59CD1C851BDB009A1909 /* Debug */ = {
			isa = XCBuildConfiguration;
			buildSettings = {
				ASSETCATALOG_COMPILER_APPICON_NAME = AppIcon;
				CLANG_ENABLE_OBJC_ARC = YES;
				CLANG_WARN__ARC_BRIDGE_CAST_NONARC = YES;
				ENABLE_BITCODE = NO;
				INFOPLIST_FILE = SoBotPad/Info.plist;
				IPHONEOS_DEPLOYMENT_TARGET = 9.0;
				LD_RUNPATH_SEARCH_PATHS = "$(inherited) @executable_path/Frameworks";
				ONLY_ACTIVE_ARCH = NO;
				PRODUCT_BUNDLE_IDENTIFIER = com.DIT.SoBotPad;
				PRODUCT_NAME = "$(TARGET_NAME)";
				VALID_ARCHS = "arm64 armv7 armv7s";
			};
			name = Debug;
		};
		D3CC59CE1C851BDB009A1909 /* Release */ = {
			isa = XCBuildConfiguration;
			buildSettings = {
				ASSETCATALOG_COMPILER_APPICON_NAME = AppIcon;
				CLANG_ENABLE_OBJC_ARC = YES;
				CLANG_WARN__ARC_BRIDGE_CAST_NONARC = YES;
				ENABLE_BITCODE = NO;
				INFOPLIST_FILE = SoBotPad/Info.plist;
				IPHONEOS_DEPLOYMENT_TARGET = 9.0;
				LD_RUNPATH_SEARCH_PATHS = "$(inherited) @executable_path/Frameworks";
				ONLY_ACTIVE_ARCH = NO;
				PRODUCT_BUNDLE_IDENTIFIER = com.DIT.SoBotPad;
				PRODUCT_NAME = "$(TARGET_NAME)";
				VALID_ARCHS = "arm64 armv7 armv7s";
			};
			name = Release;
		};
		D3CC59D01C851BDB009A1909 /* Debug */ = {
			isa = XCBuildConfiguration;
			buildSettings = {
				BUNDLE_LOADER = "$(TEST_HOST)";
				INFOPLIST_FILE = SoBotPadTests/Info.plist;
				LD_RUNPATH_SEARCH_PATHS = "$(inherited) @executable_path/Frameworks @loader_path/Frameworks";
				PRODUCT_BUNDLE_IDENTIFIER = com.DIT.SoBotPadTests;
				PRODUCT_NAME = "$(TARGET_NAME)";
				TEST_HOST = "$(BUILT_PRODUCTS_DIR)/SoBotPad.app/SoBotPad";
			};
			name = Debug;
		};
		D3CC59D11C851BDB009A1909 /* Release */ = {
			isa = XCBuildConfiguration;
			buildSettings = {
				BUNDLE_LOADER = "$(TEST_HOST)";
				INFOPLIST_FILE = SoBotPadTests/Info.plist;
				LD_RUNPATH_SEARCH_PATHS = "$(inherited) @executable_path/Frameworks @loader_path/Frameworks";
				PRODUCT_BUNDLE_IDENTIFIER = com.DIT.SoBotPadTests;
				PRODUCT_NAME = "$(TARGET_NAME)";
				TEST_HOST = "$(BUILT_PRODUCTS_DIR)/SoBotPad.app/SoBotPad";
			};
			name = Release;
		};
		D3CC59D31C851BDB009A1909 /* Debug */ = {
			isa = XCBuildConfiguration;
			buildSettings = {
				INFOPLIST_FILE = SoBotPadUITests/Info.plist;
				LD_RUNPATH_SEARCH_PATHS = "$(inherited) @executable_path/Frameworks @loader_path/Frameworks";
				PRODUCT_BUNDLE_IDENTIFIER = com.DIT.SoBotPadUITests;
				PRODUCT_NAME = "$(TARGET_NAME)";
				TEST_TARGET_NAME = SoBotPad;
				USES_XCTRUNNER = YES;
			};
			name = Debug;
		};
		D3CC59D41C851BDB009A1909 /* Release */ = {
			isa = XCBuildConfiguration;
			buildSettings = {
				INFOPLIST_FILE = SoBotPadUITests/Info.plist;
				LD_RUNPATH_SEARCH_PATHS = "$(inherited) @executable_path/Frameworks @loader_path/Frameworks";
				PRODUCT_BUNDLE_IDENTIFIER = com.DIT.SoBotPadUITests;
				PRODUCT_NAME = "$(TARGET_NAME)";
				TEST_TARGET_NAME = SoBotPad;
				USES_XCTRUNNER = YES;
			};
			name = Release;
		};
/* End XCBuildConfiguration section */

/* Begin XCConfigurationList section */
		D3CC59971C851BDB009A1909 /* Build configuration list for PBXProject "SoBotPad" */ = {
			isa = XCConfigurationList;
			buildConfigurations = (
				D3CC59CA1C851BDB009A1909 /* Debug */,
				D3CC59CB1C851BDB009A1909 /* Release */,
			);
			defaultConfigurationIsVisible = 0;
			defaultConfigurationName = Release;
		};
		D3CC59CC1C851BDB009A1909 /* Build configuration list for PBXNativeTarget "SoBotPad" */ = {
			isa = XCConfigurationList;
			buildConfigurations = (
				D3CC59CD1C851BDB009A1909 /* Debug */,
				D3CC59CE1C851BDB009A1909 /* Release */,
			);
			defaultConfigurationIsVisible = 0;
			defaultConfigurationName = Release;
		};
		D3CC59CF1C851BDB009A1909 /* Build configuration list for PBXNativeTarget "SoBotPadTests" */ = {
			isa = XCConfigurationList;
			buildConfigurations = (
				D3CC59D01C851BDB009A1909 /* Debug */,
				D3CC59D11C851BDB009A1909 /* Release */,
			);
			defaultConfigurationIsVisible = 0;
			defaultConfigurationName = Release;
		};
		D3CC59D21C851BDB009A1909 /* Build configuration list for PBXNativeTarget "SoBotPadUITests" */ = {
			isa = XCConfigurationList;
			buildConfigurations = (
				D3CC59D31C851BDB009A1909 /* Debug */,
				D3CC59D41C851BDB009A1909 /* Release */,
			);
			defaultConfigurationIsVisible = 0;
			defaultConfigurationName = Release;
		};
/* End XCConfigurationList section */

/* Begin XCVersionGroup section */
		D3CC59AB1C851BDB009A1909 /* SoBotPad.xcdatamodeld */ = {
			isa = XCVersionGroup;
			children = (
				D3CC59AC1C851BDB009A1909 /* SoBotPad.xcdatamodel */,
			);
			currentVersion = D3CC59AC1C851BDB009A1909 /* SoBotPad.xcdatamodel */;
			path = SoBotPad.xcdatamodeld;
			sourceTree = "<group>";
			versionGroupType = wrapper.xcdatamodel;
		};
/* End XCVersionGroup section */
	};
	rootObject = D3CC59941C851BDB009A1909 /* Project object */;
}
