// !$*UTF8*$!
{
	archiveVersion = 1;
	classes = {
	};
	objectVersion = 46;
	objects = {

/* Begin PBXBuildFile section */
		D318B2851C8B1E93006AE44F /* Animals.plist in Resources */ = {isa = PBXBuildFile; fileRef = D318B2841C8B1E93006AE44F /* Animals.plist */; };
		D318B2871C8B2E96006AE44F /* Colours.plist in Resources */ = {isa = PBXBuildFile; fileRef = D318B2861C8B2E96006AE44F /* Colours.plist */; };
		D318B28B1C8B310F006AE44F /* LevelController.m in Sources */ = {isa = PBXBuildFile; fileRef = D318B28A1C8B310F006AE44F /* LevelController.m */; };
		D32E27111C86537300B71D25 /* LevelTwoController.m in Sources */ = {isa = PBXBuildFile; fileRef = D32E27101C86537300B71D25 /* LevelTwoController.m */; };
		D32E27131C86538000B71D25 /* LevelThreeController.m in Sources */ = {isa = PBXBuildFile; fileRef = D32E27121C86538000B71D25 /* LevelThreeController.m */; };
		D32E27151C86538A00B71D25 /* LevelFourController.m in Sources */ = {isa = PBXBuildFile; fileRef = D32E27141C86538A00B71D25 /* LevelFourController.m */; };
		D32E27191C86540000B71D25 /* LevelFiveController.m in Sources */ = {isa = PBXBuildFile; fileRef = D32E27181C86540000B71D25 /* LevelFiveController.m */; };
		D3852BDE1C8B32280012FDD4 /* CategoryController.m in Sources */ = {isa = PBXBuildFile; fileRef = D3852BDD1C8B32280012FDD4 /* CategoryController.m */; };
		D3852BE11C8B35FB0012FDD4 /* animals.jpg in Resources */ = {isa = PBXBuildFile; fileRef = D3852BE01C8B35FB0012FDD4 /* animals.jpg */; };
		D3852BE31C8B378A0012FDD4 /* colours.jpg in Resources */ = {isa = PBXBuildFile; fileRef = D3852BE21C8B378A0012FDD4 /* colours.jpg */; };
		D3CC59A11C851BDB009A1909 /* main.m in Sources */ = {isa = PBXBuildFile; fileRef = D3CC59A01C851BDB009A1909 /* main.m */; };
		D3CC59A41C851BDB009A1909 /* AppDelegate.m in Sources */ = {isa = PBXBuildFile; fileRef = D3CC59A31C851BDB009A1909 /* AppDelegate.m */; };
		D3CC59A71C851BDB009A1909 /* MenuController.m in Sources */ = {isa = PBXBuildFile; fileRef = D3CC59A61C851BDB009A1909 /* MenuController.m */; };
		D3CC59AD1C851BDB009A1909 /* SoBotPad.xcdatamodeld in Sources */ = {isa = PBXBuildFile; fileRef = D3CC59AB1C851BDB009A1909 /* SoBotPad.xcdatamodeld */; };
		D3CC59AF1C851BDB009A1909 /* Assets.xcassets in Resources */ = {isa = PBXBuildFile; fileRef = D3CC59AE1C851BDB009A1909 /* Assets.xcassets */; };
		D3CC59B21C851BDB009A1909 /* LaunchScreen.storyboard in Resources */ = {isa = PBXBuildFile; fileRef = D3CC59B01C851BDB009A1909 /* LaunchScreen.storyboard */; };
		D3CC59BD1C851BDB009A1909 /* SoBotPadTests.m in Sources */ = {isa = PBXBuildFile; fileRef = D3CC59BC1C851BDB009A1909 /* SoBotPadTests.m */; };
		D3CC59C81C851BDB009A1909 /* SoBotPadUITests.m in Sources */ = {isa = PBXBuildFile; fileRef = D3CC59C71C851BDB009A1909 /* SoBotPadUITests.m */; };
		D3CC59D81C8520C2009A1909 /* MenuItems.plist in Resources */ = {isa = PBXBuildFile; fileRef = D3CC59D71C8520C2009A1909 /* MenuItems.plist */; };
		D3CC59DC1C852208009A1909 /* settings-icon.png in Resources */ = {isa = PBXBuildFile; fileRef = D3CC59D91C852208009A1909 /* settings-icon.png */; };
		D3CC59DD1C852208009A1909 /* play.jpg in Resources */ = {isa = PBXBuildFile; fileRef = D3CC59DA1C852208009A1909 /* play.jpg */; };
		D3CC59DE1C852208009A1909 /* remote.png in Resources */ = {isa = PBXBuildFile; fileRef = D3CC59DB1C852208009A1909 /* remote.png */; };
		D3CC59E71C853412009A1909 /* GamesController.m in Sources */ = {isa = PBXBuildFile; fileRef = D3CC59E61C853412009A1909 /* GamesController.m */; };
		D3CC59EF1C853B01009A1909 /* SettingsController.m in Sources */ = {isa = PBXBuildFile; fileRef = D3CC59EE1C853B01009A1909 /* SettingsController.m */; };
		D3CC59F31C853BC1009A1909 /* match-icon.png in Resources */ = {isa = PBXBuildFile; fileRef = D3CC59F21C853BC1009A1909 /* match-icon.png */; };
		D3CC59F51C853E98009A1909 /* MultipeerConnectivity.framework in Frameworks */ = {isa = PBXBuildFile; fileRef = D3CC59F41C853E98009A1909 /* MultipeerConnectivity.framework */; };
		D3CC59F81C853EC9009A1909 /* MCManager.m in Sources */ = {isa = PBXBuildFile; fileRef = D3CC59F71C853EC9009A1909 /* MCManager.m */; };
		D3D909451C855D17008D180A /* five.png in Resources */ = {isa = PBXBuildFile; fileRef = D3D909401C855D17008D180A /* five.png */; };
		D3D909461C855D17008D180A /* four.png in Resources */ = {isa = PBXBuildFile; fileRef = D3D909411C855D17008D180A /* four.png */; };
		D3D909471C855D17008D180A /* one.png in Resources */ = {isa = PBXBuildFile; fileRef = D3D909421C855D17008D180A /* one.png */; };
		D3D909481C855D17008D180A /* three.jpeg in Resources */ = {isa = PBXBuildFile; fileRef = D3D909431C855D17008D180A /* three.jpeg */; };
		D3D909491C855D17008D180A /* two.png in Resources */ = {isa = PBXBuildFile; fileRef = D3D909441C855D17008D180A /* two.png */; };
		D3D9094E1C856913008D180A /* LevelOneController.m in Sources */ = {isa = PBXBuildFile; fileRef = D3D9094D1C856913008D180A /* LevelOneController.m */; };
		D3D9096C1C8573A6008D180A /* bear.jpg in Resources */ = {isa = PBXBuildFile; fileRef = D3D909511C8573A6008D180A /* bear.jpg */; };
		D3D9096D1C8573A6008D180A /* bird.jpg in Resources */ = {isa = PBXBuildFile; fileRef = D3D909521C8573A6008D180A /* bird.jpg */; };
		D3D9096E1C8573A6008D180A /* cat.jpg in Resources */ = {isa = PBXBuildFile; fileRef = D3D909531C8573A6008D180A /* cat.jpg */; };
		D3D9096F1C8573A6008D180A /* chicken.jpg in Resources */ = {isa = PBXBuildFile; fileRef = D3D909541C8573A6008D180A /* chicken.jpg */; };
		D3D909701C8573A6008D180A /* cow.jpg in Resources */ = {isa = PBXBuildFile; fileRef = D3D909551C8573A6008D180A /* cow.jpg */; };
		D3D909711C8573A6008D180A /* croc.jpg in Resources */ = {isa = PBXBuildFile; fileRef = D3D909561C8573A6008D180A /* croc.jpg */; };
		D3D909721C8573A6008D180A /* dog.jpg in Resources */ = {isa = PBXBuildFile; fileRef = D3D909571C8573A6008D180A /* dog.jpg */; };
		D3D909731C8573A6008D180A /* duck.jpg in Resources */ = {isa = PBXBuildFile; fileRef = D3D909581C8573A6008D180A /* duck.jpg */; };
		D3D909741C8573A6008D180A /* elephant.jpg in Resources */ = {isa = PBXBuildFile; fileRef = D3D909591C8573A6008D180A /* elephant.jpg */; };
		D3D909751C8573A6008D180A /* fish.jpg in Resources */ = {isa = PBXBuildFile; fileRef = D3D9095A1C8573A6008D180A /* fish.jpg */; };
		D3D909761C8573A6008D180A /* giraffe.jpg in Resources */ = {isa = PBXBuildFile; fileRef = D3D9095B1C8573A6008D180A /* giraffe.jpg */; };
		D3D909771C8573A6008D180A /* guineapig.jpg in Resources */ = {isa = PBXBuildFile; fileRef = D3D9095C1C8573A6008D180A /* guineapig.jpg */; };
		D3D909781C8573A6008D180A /* hamster.jpg in Resources */ = {isa = PBXBuildFile; fileRef = D3D9095D1C8573A6008D180A /* hamster.jpg */; };
		D3D909791C8573A6008D180A /* hippo.jpg in Resources */ = {isa = PBXBuildFile; fileRef = D3D9095E1C8573A6008D180A /* hippo.jpg */; };
		D3D9097A1C8573A6008D180A /* horse.jpg in Resources */ = {isa = PBXBuildFile; fileRef = D3D9095F1C8573A6008D180A /* horse.jpg */; };
		D3D9097B1C8573A6008D180A /* lamb.jpg in Resources */ = {isa = PBXBuildFile; fileRef = D3D909601C8573A6008D180A /* lamb.jpg */; };
		D3D9097C1C8573A6008D180A /* leopard.jpg in Resources */ = {isa = PBXBuildFile; fileRef = D3D909611C8573A6008D180A /* leopard.jpg */; };
		D3D9097D1C8573A6008D180A /* lion.jpg in Resources */ = {isa = PBXBuildFile; fileRef = D3D909621C8573A6008D180A /* lion.jpg */; };
		D3D9097E1C8573A6008D180A /* monkey.jpg in Resources */ = {isa = PBXBuildFile; fileRef = D3D909631C8573A6008D180A /* monkey.jpg */; };
		D3D9097F1C8573A6008D180A /* mouse.jpg in Resources */ = {isa = PBXBuildFile; fileRef = D3D909641C8573A6008D180A /* mouse.jpg */; };
		D3D909801C8573A6008D180A /* penguin.jpg in Resources */ = {isa = PBXBuildFile; fileRef = D3D909651C8573A6008D180A /* penguin.jpg */; };
		D3D909811C8573A6008D180A /* pig.jpg in Resources */ = {isa = PBXBuildFile; fileRef = D3D909661C8573A6008D180A /* pig.jpg */; };
		D3D909821C8573A6008D180A /* rabbit.jpg in Resources */ = {isa = PBXBuildFile; fileRef = D3D909671C8573A6008D180A /* rabbit.jpg */; };
		D3D909831C8573A6008D180A /* snake.jpg in Resources */ = {isa = PBXBuildFile; fileRef = D3D909681C8573A6008D180A /* snake.jpg */; };
		D3D909841C8573A6008D180A /* tiger.jpg in Resources */ = {isa = PBXBuildFile; fileRef = D3D909691C8573A6008D180A /* tiger.jpg */; };
		D3D909851C8573A6008D180A /* turkey.jpg in Resources */ = {isa = PBXBuildFile; fileRef = D3D9096A1C8573A6008D180A /* turkey.jpg */; };
		D3D909861C8573A6008D180A /* zebra.jpg in Resources */ = {isa = PBXBuildFile; fileRef = D3D9096B1C8573A6008D180A /* zebra.jpg */; };
		D3D909C81C8628BA008D180A /* fresh-grass-and-sky-hi.png in Resources */ = {isa = PBXBuildFile; fileRef = D3D909C71C8628BA008D180A /* fresh-grass-and-sky-hi.png */; };
		D3D909CB1C862989008D180A /* blank.png in Resources */ = {isa = PBXBuildFile; fileRef = D3D909C91C862989008D180A /* blank.png */; };
		D3D909CC1C862989008D180A /* cardbkg.jpg in Resources */ = {isa = PBXBuildFile; fileRef = D3D909CA1C862989008D180A /* cardbkg.jpg */; };
		D3F0C8E31C854D1E00DC2728 /* goback.jpg in Resources */ = {isa = PBXBuildFile; fileRef = D3F0C8E21C854D1E00DC2728 /* goback.jpg */; };
		D3F0C8E51C854DE400DC2728 /* gobackcopy.jpg in Resources */ = {isa = PBXBuildFile; fileRef = D3F0C8E41C854DE400DC2728 /* gobackcopy.jpg */; };
		D3F0C8E71C854E9000DC2728 /* back.png in Resources */ = {isa = PBXBuildFile; fileRef = D3F0C8E61C854E9000DC2728 /* back.png */; };
		D3F0C8E91C85514F00DC2728 /* gamesbkg.png in Resources */ = {isa = PBXBuildFile; fileRef = D3F0C8E81C85514F00DC2728 /* gamesbkg.png */; };
		D3F0C8EB1C85523C00DC2728 /* Main.storyboard in Resources */ = {isa = PBXBuildFile; fileRef = D3F0C8EA1C85523C00DC2728 /* Main.storyboard */; };
/* End PBXBuildFile section */

/* Begin PBXContainerItemProxy section */
		D3CC59B91C851BDB009A1909 /* PBXContainerItemProxy */ = {
			isa = PBXContainerItemProxy;
			containerPortal = D3CC59941C851BDB009A1909 /* Project object */;
			proxyType = 1;
			remoteGlobalIDString = D3CC599B1C851BDB009A1909;
			remoteInfo = SoBotPad;
		};
		D3CC59C41C851BDB009A1909 /* PBXContainerItemProxy */ = {
			isa = PBXContainerItemProxy;
			containerPortal = D3CC59941C851BDB009A1909 /* Project object */;
			proxyType = 1;
			remoteGlobalIDString = D3CC599B1C851BDB009A1909;
			remoteInfo = SoBotPad;
		};
/* End PBXContainerItemProxy section */

/* Begin PBXFileReference section */
		D318B2841C8B1E93006AE44F /* Animals.plist */ = {isa = PBXFileReference; fileEncoding = 4; lastKnownFileType = text.plist.xml; path = Animals.plist; sourceTree = "<group>"; };
		D318B2861C8B2E96006AE44F /* Colours.plist */ = {isa = PBXFileReference; fileEncoding = 4; lastKnownFileType = text.plist.xml; path = Colours.plist; sourceTree = "<group>"; };
		D318B2881C8B3059006AE44F /* CategoryController.h */ = {isa = PBXFileReference; lastKnownFileType = sourcecode.c.h; path = CategoryController.h; sourceTree = "<group>"; };
		D318B2891C8B310F006AE44F /* LevelController.h */ = {isa = PBXFileReference; fileEncoding = 4; lastKnownFileType = sourcecode.c.h; path = LevelController.h; sourceTree = "<group>"; };
		D318B28A1C8B310F006AE44F /* LevelController.m */ = {isa = PBXFileReference; fileEncoding = 4; lastKnownFileType = sourcecode.c.objc; path = LevelController.m; sourceTree = "<group>"; };
		D32E270F1C86534B00B71D25 /* LevelTwoController.h */ = {isa = PBXFileReference; lastKnownFileType = sourcecode.c.h; path = LevelTwoController.h; sourceTree = "<group>"; };
		D32E27101C86537300B71D25 /* LevelTwoController.m */ = {isa = PBXFileReference; fileEncoding = 4; lastKnownFileType = sourcecode.c.objc; path = LevelTwoController.m; sourceTree = "<group>"; };
		D32E27121C86538000B71D25 /* LevelThreeController.m */ = {isa = PBXFileReference; fileEncoding = 4; lastKnownFileType = sourcecode.c.objc; path = LevelThreeController.m; sourceTree = "<group>"; };
		D32E27141C86538A00B71D25 /* LevelFourController.m */ = {isa = PBXFileReference; fileEncoding = 4; lastKnownFileType = sourcecode.c.objc; path = LevelFourController.m; sourceTree = "<group>"; };
		D32E27161C8653A700B71D25 /* LevelThreeController.h */ = {isa = PBXFileReference; lastKnownFileType = sourcecode.c.h; path = LevelThreeController.h; sourceTree = "<group>"; };
		D32E27171C8653B700B71D25 /* LevelFourController.h */ = {isa = PBXFileReference; lastKnownFileType = sourcecode.c.h; path = LevelFourController.h; sourceTree = "<group>"; };
		D32E27181C86540000B71D25 /* LevelFiveController.m */ = {isa = PBXFileReference; fileEncoding = 4; lastKnownFileType = sourcecode.c.objc; name = LevelFiveController.m; path = ../LevelFiveController.m; sourceTree = "<group>"; };
		D32E271A1C86541800B71D25 /* LevelFiveController.h */ = {isa = PBXFileReference; lastKnownFileType = sourcecode.c.h; name = LevelFiveController.h; path = ../LevelFiveController.h; sourceTree = "<group>"; };
		D3852BDD1C8B32280012FDD4 /* CategoryController.m */ = {isa = PBXFileReference; fileEncoding = 4; lastKnownFileType = sourcecode.c.objc; path = CategoryController.m; sourceTree = "<group>"; };
		D3852BE01C8B35FB0012FDD4 /* animals.jpg */ = {isa = PBXFileReference; lastKnownFileType = image.jpeg; name = animals.jpg; path = ../../Symbols/Words/animals.jpg; sourceTree = "<group>"; };
		D3852BE21C8B378A0012FDD4 /* colours.jpg */ = {isa = PBXFileReference; lastKnownFileType = image.jpeg; name = colours.jpg; path = ../../Symbols/Words/colours.jpg; sourceTree = "<group>"; };
		D3CC599C1C851BDB009A1909 /* SoBotPad.app */ = {isa = PBXFileReference; explicitFileType = wrapper.application; includeInIndex = 0; path = SoBotPad.app; sourceTree = BUILT_PRODUCTS_DIR; };
		D3CC59A01C851BDB009A1909 /* main.m */ = {isa = PBXFileReference; lastKnownFileType = sourcecode.c.objc; path = main.m; sourceTree = "<group>"; };
		D3CC59A21C851BDB009A1909 /* AppDelegate.h */ = {isa = PBXFileReference; lastKnownFileType = sourcecode.c.h; path = AppDelegate.h; sourceTree = "<group>"; };
		D3CC59A31C851BDB009A1909 /* AppDelegate.m */ = {isa = PBXFileReference; lastKnownFileType = sourcecode.c.objc; path = AppDelegate.m; sourceTree = "<group>"; };
		D3CC59A51C851BDB009A1909 /* MenuController.h */ = {isa = PBXFileReference; lastKnownFileType = sourcecode.c.h; path = MenuController.h; sourceTree = "<group>"; };
		D3CC59A61C851BDB009A1909 /* MenuController.m */ = {isa = PBXFileReference; lastKnownFileType = sourcecode.c.objc; path = MenuController.m; sourceTree = "<group>"; };
		D3CC59AC1C851BDB009A1909 /* SoBotPad.xcdatamodel */ = {isa = PBXFileReference; lastKnownFileType = wrapper.xcdatamodel; path = SoBotPad.xcdatamodel; sourceTree = "<group>"; };
		D3CC59AE1C851BDB009A1909 /* Assets.xcassets */ = {isa = PBXFileReference; lastKnownFileType = folder.assetcatalog; path = Assets.xcassets; sourceTree = "<group>"; };
		D3CC59B11C851BDB009A1909 /* Base */ = {isa = PBXFileReference; lastKnownFileType = file.storyboard; name = Base; path = Base.lproj/LaunchScreen.storyboard; sourceTree = "<group>"; };
		D3CC59B31C851BDB009A1909 /* Info.plist */ = {isa = PBXFileReference; lastKnownFileType = text.plist.xml; path = Info.plist; sourceTree = "<group>"; };
		D3CC59B81C851BDB009A1909 /* SoBotPadTests.xctest */ = {isa = PBXFileReference; explicitFileType = wrapper.cfbundle; includeInIndex = 0; path = SoBotPadTests.xctest; sourceTree = BUILT_PRODUCTS_DIR; };
		D3CC59BC1C851BDB009A1909 /* SoBotPadTests.m */ = {isa = PBXFileReference; lastKnownFileType = sourcecode.c.objc; path = SoBotPadTests.m; sourceTree = "<group>"; };
		D3CC59BE1C851BDB009A1909 /* Info.plist */ = {isa = PBXFileReference; lastKnownFileType = text.plist.xml; path = Info.plist; sourceTree = "<group>"; };
		D3CC59C31C851BDB009A1909 /* SoBotPadUITests.xctest */ = {isa = PBXFileReference; explicitFileType = wrapper.cfbundle; includeInIndex = 0; path = SoBotPadUITests.xctest; sourceTree = BUILT_PRODUCTS_DIR; };
		D3CC59C71C851BDB009A1909 /* SoBotPadUITests.m */ = {isa = PBXFileReference; lastKnownFileType = sourcecode.c.objc; path = SoBotPadUITests.m; sourceTree = "<group>"; };
		D3CC59C91C851BDB009A1909 /* Info.plist */ = {isa = PBXFileReference; lastKnownFileType = text.plist.xml; path = Info.plist; sourceTree = "<group>"; };
		D3CC59D71C8520C2009A1909 /* MenuItems.plist */ = {isa = PBXFileReference; fileEncoding = 4; lastKnownFileType = text.plist.xml; name = MenuItems.plist; path = "../../../Downloads/Source Files/Library/Resources/MenuItems.plist"; sourceTree = "<group>"; };
		D3CC59D91C852208009A1909 /* settings-icon.png */ = {isa = PBXFileReference; lastKnownFileType = image.png; name = "settings-icon.png"; path = "../../Symbols/App Images/settings-icon.png"; sourceTree = "<group>"; };
		D3CC59DA1C852208009A1909 /* play.jpg */ = {isa = PBXFileReference; lastKnownFileType = image.jpeg; name = play.jpg; path = ../../Symbols/Words/play.jpg; sourceTree = "<group>"; };
		D3CC59DB1C852208009A1909 /* remote.png */ = {isa = PBXFileReference; lastKnownFileType = image.png; name = remote.png; path = "../../Symbols/App Images/remote.png"; sourceTree = "<group>"; };
		D3CC59E01C852772009A1909 /* MenuCellViewController.h */ = {isa = PBXFileReference; lastKnownFileType = sourcecode.c.h; path = MenuCellViewController.h; sourceTree = "<group>"; };
		D3CC59E51C85313A009A1909 /* GamesController.h */ = {isa = PBXFileReference; lastKnownFileType = sourcecode.c.h; path = GamesController.h; sourceTree = "<group>"; };
		D3CC59E61C853412009A1909 /* GamesController.m */ = {isa = PBXFileReference; fileEncoding = 4; lastKnownFileType = sourcecode.c.objc; path = GamesController.m; sourceTree = "<group>"; };
		D3CC59EE1C853B01009A1909 /* SettingsController.m */ = {isa = PBXFileReference; fileEncoding = 4; lastKnownFileType = sourcecode.c.objc; path = SettingsController.m; sourceTree = "<group>"; };
		D3CC59F01C853B0F009A1909 /* SettingsController.h */ = {isa = PBXFileReference; lastKnownFileType = sourcecode.c.h; path = SettingsController.h; sourceTree = "<group>"; };
		D3CC59F21C853BC1009A1909 /* match-icon.png */ = {isa = PBXFileReference; lastKnownFileType = image.png; name = "match-icon.png"; path = "../../../Downloads/match-icon.png"; sourceTree = "<group>"; };
		D3CC59F41C853E98009A1909 /* MultipeerConnectivity.framework */ = {isa = PBXFileReference; lastKnownFileType = wrapper.framework; name = MultipeerConnectivity.framework; path = System/Library/Frameworks/MultipeerConnectivity.framework; sourceTree = SDKROOT; };
		D3CC59F61C853EC9009A1909 /* MCManager.h */ = {isa = PBXFileReference; fileEncoding = 4; lastKnownFileType = sourcecode.c.h; path = MCManager.h; sourceTree = "<group>"; };
		D3CC59F71C853EC9009A1909 /* MCManager.m */ = {isa = PBXFileReference; fileEncoding = 4; lastKnownFileType = sourcecode.c.objc; path = MCManager.m; sourceTree = "<group>"; };
		D3CC59FA1C853EFF009A1909 /* Macros.h */ = {isa = PBXFileReference; lastKnownFileType = sourcecode.c.h; path = Macros.h; sourceTree = "<group>"; };
		D3D909401C855D17008D180A /* five.png */ = {isa = PBXFileReference; lastKnownFileType = image.png; name = five.png; path = "../../Symbols/App Images/five.png"; sourceTree = "<group>"; };
		D3D909411C855D17008D180A /* four.png */ = {isa = PBXFileReference; lastKnownFileType = image.png; name = four.png; path = "../../Symbols/App Images/four.png"; sourceTree = "<group>"; };
		D3D909421C855D17008D180A /* one.png */ = {isa = PBXFileReference; lastKnownFileType = image.png; name = one.png; path = "../../Symbols/App Images/one.png"; sourceTree = "<group>"; };
		D3D909431C855D17008D180A /* three.jpeg */ = {isa = PBXFileReference; lastKnownFileType = image.jpeg; name = three.jpeg; path = "../../Symbols/App Images/three.jpeg"; sourceTree = "<group>"; };
		D3D909441C855D17008D180A /* two.png */ = {isa = PBXFileReference; lastKnownFileType = image.png; name = two.png; path = "../../Symbols/App Images/two.png"; sourceTree = "<group>"; };
		D3D9094D1C856913008D180A /* LevelOneController.m */ = {isa = PBXFileReference; fileEncoding = 4; lastKnownFileType = sourcecode.c.objc; path = LevelOneController.m; sourceTree = "<group>"; };
		D3D9094F1C85691F008D180A /* LevelOneController.h */ = {isa = PBXFileReference; lastKnownFileType = sourcecode.c.h; path = LevelOneController.h; sourceTree = "<group>"; };
		D3D909511C8573A6008D180A /* bear.jpg */ = {isa = PBXFileReference; lastKnownFileType = image.jpeg; path = bear.jpg; sourceTree = "<group>"; };
		D3D909521C8573A6008D180A /* bird.jpg */ = {isa = PBXFileReference; lastKnownFileType = image.jpeg; path = bird.jpg; sourceTree = "<group>"; };
		D3D909531C8573A6008D180A /* cat.jpg */ = {isa = PBXFileReference; lastKnownFileType = image.jpeg; path = cat.jpg; sourceTree = "<group>"; };
		D3D909541C8573A6008D180A /* chicken.jpg */ = {isa = PBXFileReference; lastKnownFileType = image.jpeg; path = chicken.jpg; sourceTree = "<group>"; };
		D3D909551C8573A6008D180A /* cow.jpg */ = {isa = PBXFileReference; lastKnownFileType = image.jpeg; path = cow.jpg; sourceTree = "<group>"; };
		D3D909561C8573A6008D180A /* croc.jpg */ = {isa = PBXFileReference; lastKnownFileType = image.jpeg; path = croc.jpg; sourceTree = "<group>"; };
		D3D909571C8573A6008D180A /* dog.jpg */ = {isa = PBXFileReference; lastKnownFileType = image.jpeg; path = dog.jpg; sourceTree = "<group>"; };
		D3D909581C8573A6008D180A /* duck.jpg */ = {isa = PBXFileReference; lastKnownFileType = image.jpeg; path = duck.jpg; sourceTree = "<group>"; };
		D3D909591C8573A6008D180A /* elephant.jpg */ = {isa = PBXFileReference; lastKnownFileType = image.jpeg; path = elephant.jpg; sourceTree = "<group>"; };
		D3D9095A1C8573A6008D180A /* fish.jpg */ = {isa = PBXFileReference; lastKnownFileType = image.jpeg; path = fish.jpg; sourceTree = "<group>"; };
		D3D9095B1C8573A6008D180A /* giraffe.jpg */ = {isa = PBXFileReference; lastKnownFileType = image.jpeg; path = giraffe.jpg; sourceTree = "<group>"; };
		D3D9095C1C8573A6008D180A /* guineapig.jpg */ = {isa = PBXFileReference; lastKnownFileType = image.jpeg; path = guineapig.jpg; sourceTree = "<group>"; };
		D3D9095D1C8573A6008D180A /* hamster.jpg */ = {isa = PBXFileReference; lastKnownFileType = image.jpeg; path = hamster.jpg; sourceTree = "<group>"; };
		D3D9095E1C8573A6008D180A /* hippo.jpg */ = {isa = PBXFileReference; lastKnownFileType = image.jpeg; path = hippo.jpg; sourceTree = "<group>"; };
		D3D9095F1C8573A6008D180A /* horse.jpg */ = {isa = PBXFileReference; lastKnownFileType = image.jpeg; path = horse.jpg; sourceTree = "<group>"; };
		D3D909601C8573A6008D180A /* lamb.jpg */ = {isa = PBXFileReference; lastKnownFileType = image.jpeg; path = lamb.jpg; sourceTree = "<group>"; };
		D3D909611C8573A6008D180A /* leopard.jpg */ = {isa = PBXFileReference; lastKnownFileType = image.jpeg; path = leopard.jpg; sourceTree = "<group>"; };
		D3D909621C8573A6008D180A /* lion.jpg */ = {isa = PBXFileReference; lastKnownFileType = image.jpeg; path = lion.jpg; sourceTree = "<group>"; };
		D3D909631C8573A6008D180A /* monkey.jpg */ = {isa = PBXFileReference; lastKnownFileType = image.jpeg; path = monkey.jpg; sourceTree = "<group>"; };
		D3D909641C8573A6008D180A /* mouse.jpg */ = {isa = PBXFileReference; lastKnownFileType = image.jpeg; path = mouse.jpg; sourceTree = "<group>"; };
		D3D909651C8573A6008D180A /* penguin.jpg */ = {isa = PBXFileReference; lastKnownFileType = image.jpeg; path = penguin.jpg; sourceTree = "<group>"; };
		D3D909661C8573A6008D180A /* pig.jpg */ = {isa = PBXFileReference; lastKnownFileType = image.jpeg; path = pig.jpg; sourceTree = "<group>"; };
		D3D909671C8573A6008D180A /* rabbit.jpg */ = {isa = PBXFileReference; lastKnownFileType = image.jpeg; path = rabbit.jpg; sourceTree = "<group>"; };
		D3D909681C8573A6008D180A /* snake.jpg */ = {isa = PBXFileReference; lastKnownFileType = image.jpeg; path = snake.jpg; sourceTree = "<group>"; };
		D3D909691C8573A6008D180A /* tiger.jpg */ = {isa = PBXFileReference; lastKnownFileType = image.jpeg; path = tiger.jpg; sourceTree = "<group>"; };
		D3D9096A1C8573A6008D180A /* turkey.jpg */ = {isa = PBXFileReference; lastKnownFileType = image.jpeg; path = turkey.jpg; sourceTree = "<group>"; };
		D3D9096B1C8573A6008D180A /* zebra.jpg */ = {isa = PBXFileReference; lastKnownFileType = image.jpeg; path = zebra.jpg; sourceTree = "<group>"; };
		D3D909C71C8628BA008D180A /* fresh-grass-and-sky-hi.png */ = {isa = PBXFileReference; lastKnownFileType = image.png; name = "fresh-grass-and-sky-hi.png"; path = "../../../Downloads/fresh-grass-and-sky-hi.png"; sourceTree = "<group>"; };
		D3D909C91C862989008D180A /* blank.png */ = {isa = PBXFileReference; lastKnownFileType = image.png; name = blank.png; path = "../../Symbols/App Images/blank.png"; sourceTree = "<group>"; };
		D3D909CA1C862989008D180A /* cardbkg.jpg */ = {isa = PBXFileReference; lastKnownFileType = image.jpeg; name = cardbkg.jpg; path = "../../Symbols/App Images/cardbkg.jpg"; sourceTree = "<group>"; };
		D3F0C8E21C854D1E00DC2728 /* goback.jpg */ = {isa = PBXFileReference; lastKnownFileType = image.jpeg; name = goback.jpg; path = ../../Symbols/Words/goback.jpg; sourceTree = "<group>"; };
		D3F0C8E41C854DE400DC2728 /* gobackcopy.jpg */ = {isa = PBXFileReference; lastKnownFileType = image.jpeg; name = gobackcopy.jpg; path = ../../Symbols/Words/gobackcopy.jpg; sourceTree = "<group>"; };
		D3F0C8E61C854E9000DC2728 /* back.png */ = {isa = PBXFileReference; lastKnownFileType = image.png; name = back.png; path = ../../Symbols/back.png; sourceTree = "<group>"; };
		D3F0C8E81C85514F00DC2728 /* gamesbkg.png */ = {isa = PBXFileReference; lastKnownFileType = image.png; name = gamesbkg.png; path = ../../../Downloads/gamesbkg.png; sourceTree = "<group>"; };
		D3F0C8EA1C85523C00DC2728 /* Main.storyboard */ = {isa = PBXFileReference; fileEncoding = 4; lastKnownFileType = file.storyboard; path = Main.storyboard; sourceTree = "<group>"; };
/* End PBXFileReference section */

/* Begin PBXFrameworksBuildPhase section */
		D3CC59991C851BDB009A1909 /* Frameworks */ = {
			isa = PBXFrameworksBuildPhase;
			buildActionMask = 2147483647;
			files = (
				D3CC59F51C853E98009A1909 /* MultipeerConnectivity.framework in Frameworks */,
			);
			runOnlyForDeploymentPostprocessing = 0;
		};
		D3CC59B51C851BDB009A1909 /* Frameworks */ = {
			isa = PBXFrameworksBuildPhase;
			buildActionMask = 2147483647;
			files = (
			);
			runOnlyForDeploymentPostprocessing = 0;
		};
		D3CC59C01C851BDB009A1909 /* Frameworks */ = {
			isa = PBXFrameworksBuildPhase;
			buildActionMask = 2147483647;
			files = (
			);
			runOnlyForDeploymentPostprocessing = 0;
		};
/* End PBXFrameworksBuildPhase section */

/* Begin PBXGroup section */
		D3852BDC1C8B32120012FDD4 /* Levels */ = {
			isa = PBXGroup;
			children = (
				D318B2891C8B310F006AE44F /* LevelController.h */,
				D318B28A1C8B310F006AE44F /* LevelController.m */,
				D3D9094F1C85691F008D180A /* LevelOneController.h */,
				D3D9094D1C856913008D180A /* LevelOneController.m */,
				D32E270F1C86534B00B71D25 /* LevelTwoController.h */,
				D32E27101C86537300B71D25 /* LevelTwoController.m */,
				D32E27161C8653A700B71D25 /* LevelThreeController.h */,
				D32E27121C86538000B71D25 /* LevelThreeController.m */,
				D32E27171C8653B700B71D25 /* LevelFourController.h */,
				D32E27141C86538A00B71D25 /* LevelFourController.m */,
				D32E271A1C86541800B71D25 /* LevelFiveController.h */,
				D32E27181C86540000B71D25 /* LevelFiveController.m */,
			);
			name = Levels;
			sourceTree = "<group>";
		};
		D3852BDF1C8B322E0012FDD4 /* Categories */ = {
			isa = PBXGroup;
			children = (
				D318B2881C8B3059006AE44F /* CategoryController.h */,
				D3852BDD1C8B32280012FDD4 /* CategoryController.m */,
			);
			name = Categories;
			sourceTree = "<group>";
		};
		D3CC59931C851BDB009A1909 = {
			isa = PBXGroup;
			children = (
				D3CC599E1C851BDB009A1909 /* SoBotPad */,
				D3CC59BB1C851BDB009A1909 /* SoBotPadTests */,
				D3CC59C61C851BDB009A1909 /* SoBotPadUITests */,
				D3CC599D1C851BDB009A1909 /* Products */,
			);
			sourceTree = "<group>";
		};
		D3CC599D1C851BDB009A1909 /* Products */ = {
			isa = PBXGroup;
			children = (
				D3CC599C1C851BDB009A1909 /* SoBotPad.app */,
				D3CC59B81C851BDB009A1909 /* SoBotPadTests.xctest */,
				D3CC59C31C851BDB009A1909 /* SoBotPadUITests.xctest */,
			);
			name = Products;
			sourceTree = "<group>";
		};
		D3CC599E1C851BDB009A1909 /* SoBotPad */ = {
			isa = PBXGroup;
			children = (
				D3CC59A21C851BDB009A1909 /* AppDelegate.h */,
				D3CC59A31C851BDB009A1909 /* AppDelegate.m */,
				D3F0C8EA1C85523C00DC2728 /* Main.storyboard */,
				D3CC59F11C853B75009A1909 /* Menu */,
				D3F0C8E11C854C5000DC2728 /* Games */,
				D3CC59F91C853EE8009A1909 /* Multipeer */,
				D3CC59AE1C851BDB009A1909 /* Assets.xcassets */,
				D3CC59B01C851BDB009A1909 /* LaunchScreen.storyboard */,
				D3CC59B31C851BDB009A1909 /* Info.plist */,
				D3CC59AB1C851BDB009A1909 /* SoBotPad.xcdatamodeld */,
				D3CC59DF1C852210009A1909 /* Resources */,
				D3CC599F1C851BDB009A1909 /* Supporting Files */,
			);
			path = SoBotPad;
			sourceTree = "<group>";
		};
		D3CC599F1C851BDB009A1909 /* Supporting Files */ = {
			isa = PBXGroup;
			children = (
				D3CC59A01C851BDB009A1909 /* main.m */,
			);
			name = "Supporting Files";
			sourceTree = "<group>";
		};
		D3CC59BB1C851BDB009A1909 /* SoBotPadTests */ = {
			isa = PBXGroup;
			children = (
				D3CC59BC1C851BDB009A1909 /* SoBotPadTests.m */,
				D3CC59BE1C851BDB009A1909 /* Info.plist */,
			);
			path = SoBotPadTests;
			sourceTree = "<group>";
		};
		D3CC59C61C851BDB009A1909 /* SoBotPadUITests */ = {
			isa = PBXGroup;
			children = (
				D3CC59C71C851BDB009A1909 /* SoBotPadUITests.m */,
				D3CC59C91C851BDB009A1909 /* Info.plist */,
			);
			path = SoBotPadUITests;
			sourceTree = "<group>";
		};
		D3CC59DF1C852210009A1909 /* Resources */ = {
			isa = PBXGroup;
			children = (
				D3CC59F41C853E98009A1909 /* MultipeerConnectivity.framework */,
				D3D909871C8573B1008D180A /* Images */,
				D3D909501C8573A6008D180A /* Animals */,
			);
			name = Resources;
			sourceTree = "<group>";
		};
		D3CC59F11C853B75009A1909 /* Menu */ = {
			isa = PBXGroup;
			children = (
				D3CC59D71C8520C2009A1909 /* MenuItems.plist */,
				D3CC59A51C851BDB009A1909 /* MenuController.h */,
				D3CC59A61C851BDB009A1909 /* MenuController.m */,
				D3CC59E01C852772009A1909 /* MenuCellViewController.h */,
			);
			name = Menu;
			sourceTree = "<group>";
		};
		D3CC59F91C853EE8009A1909 /* Multipeer */ = {
			isa = PBXGroup;
			children = (
				D3CC59F01C853B0F009A1909 /* SettingsController.h */,
				D3CC59EE1C853B01009A1909 /* SettingsController.m */,
				D3CC59F61C853EC9009A1909 /* MCManager.h */,
				D3CC59F71C853EC9009A1909 /* MCManager.m */,
				D3CC59FA1C853EFF009A1909 /* Macros.h */,
			);
			name = Multipeer;
			sourceTree = "<group>";
		};
		D3D909501C8573A6008D180A /* Animals */ = {
			isa = PBXGroup;
			children = (
				D3D909511C8573A6008D180A /* bear.jpg */,
				D3D909521C8573A6008D180A /* bird.jpg */,
				D3D909531C8573A6008D180A /* cat.jpg */,
				D3D909541C8573A6008D180A /* chicken.jpg */,
				D3D909551C8573A6008D180A /* cow.jpg */,
				D3D909561C8573A6008D180A /* croc.jpg */,
				D3D909571C8573A6008D180A /* dog.jpg */,
				D3D909581C8573A6008D180A /* duck.jpg */,
				D3D909591C8573A6008D180A /* elephant.jpg */,
				D3D9095A1C8573A6008D180A /* fish.jpg */,
				D3D9095B1C8573A6008D180A /* giraffe.jpg */,
				D3D9095C1C8573A6008D180A /* guineapig.jpg */,
				D3D9095D1C8573A6008D180A /* hamster.jpg */,
				D3D9095E1C8573A6008D180A /* hippo.jpg */,
				D3D9095F1C8573A6008D180A /* horse.jpg */,
				D3D909601C8573A6008D180A /* lamb.jpg */,
				D3D909611C8573A6008D180A /* leopard.jpg */,
				D3D909621C8573A6008D180A /* lion.jpg */,
				D3D909631C8573A6008D180A /* monkey.jpg */,
				D3D909641C8573A6008D180A /* mouse.jpg */,
				D3D909651C8573A6008D180A /* penguin.jpg */,
				D3D909661C8573A6008D180A /* pig.jpg */,
				D3D909671C8573A6008D180A /* rabbit.jpg */,
				D3D909681C8573A6008D180A /* snake.jpg */,
				D3D909691C8573A6008D180A /* tiger.jpg */,
				D3D9096A1C8573A6008D180A /* turkey.jpg */,
				D3D9096B1C8573A6008D180A /* zebra.jpg */,
			);
			name = Animals;
			path = ../../Symbols/animals;
			sourceTree = "<group>";
		};
		D3D909871C8573B1008D180A /* Images */ = {
			isa = PBXGroup;
			children = (
				D3852BE01C8B35FB0012FDD4 /* animals.jpg */,
				D3852BE21C8B378A0012FDD4 /* colours.jpg */,
				D3D909C91C862989008D180A /* blank.png */,
				D3D909CA1C862989008D180A /* cardbkg.jpg */,
				D3D909C71C8628BA008D180A /* fresh-grass-and-sky-hi.png */,
				D3CC59D91C852208009A1909 /* settings-icon.png */,
				D3CC59DA1C852208009A1909 /* play.jpg */,
				D3CC59DB1C852208009A1909 /* remote.png */,
				D3CC59F21C853BC1009A1909 /* match-icon.png */,
				D3F0C8E21C854D1E00DC2728 /* goback.jpg */,
				D3F0C8E41C854DE400DC2728 /* gobackcopy.jpg */,
				D3F0C8E61C854E9000DC2728 /* back.png */,
				D3F0C8E81C85514F00DC2728 /* gamesbkg.png */,
				D3D909401C855D17008D180A /* five.png */,
				D3D909411C855D17008D180A /* four.png */,
				D3D909421C855D17008D180A /* one.png */,
				D3D909431C855D17008D180A /* three.jpeg */,
				D3D909441C855D17008D180A /* two.png */,
			);
			name = Images;
			sourceTree = "<group>";
		};
		D3D909C01C85F0DA008D180A /* Match Game */ = {
			isa = PBXGroup;
			children = (
				D318B2861C8B2E96006AE44F /* Colours.plist */,
				D318B2841C8B1E93006AE44F /* Animals.plist */,
				D3852BDF1C8B322E0012FDD4 /* Categories */,
				D3852BDC1C8B32120012FDD4 /* Levels */,
			);
			name = "Match Game";
			sourceTree = "<group>";
		};
		D3F0C8E11C854C5000DC2728 /* Games */ = {
			isa = PBXGroup;
			children = (
				D3CC59E51C85313A009A1909 /* GamesController.h */,
				D3CC59E61C853412009A1909 /* GamesController.m */,
				D3D909C01C85F0DA008D180A /* Match Game */,
			);
			name = Games;
			sourceTree = "<group>";
		};
/* End PBXGroup section */

/* Begin PBXNativeTarget section */
		D3CC599B1C851BDB009A1909 /* SoBotPad */ = {
			isa = PBXNativeTarget;
			buildConfigurationList = D3CC59CC1C851BDB009A1909 /* Build configuration list for PBXNativeTarget "SoBotPad" */;
			buildPhases = (
				D3CC59981C851BDB009A1909 /* Sources */,
				D3CC59991C851BDB009A1909 /* Frameworks */,
				D3CC599A1C851BDB009A1909 /* Resources */,
			);
			buildRules = (
			);
			dependencies = (
			);
			name = SoBotPad;
			productName = SoBotPad;
			productReference = D3CC599C1C851BDB009A1909 /* SoBotPad.app */;
			productType = "com.apple.product-type.application";
		};
		D3CC59B71C851BDB009A1909 /* SoBotPadTests */ = {
			isa = PBXNativeTarget;
			buildConfigurationList = D3CC59CF1C851BDB009A1909 /* Build configuration list for PBXNativeTarget "SoBotPadTests" */;
			buildPhases = (
				D3CC59B41C851BDB009A1909 /* Sources */,
				D3CC59B51C851BDB009A1909 /* Frameworks */,
				D3CC59B61C851BDB009A1909 /* Resources */,
			);
			buildRules = (
			);
			dependencies = (
				D3CC59BA1C851BDB009A1909 /* PBXTargetDependency */,
			);
			name = SoBotPadTests;
			productName = SoBotPadTests;
			productReference = D3CC59B81C851BDB009A1909 /* SoBotPadTests.xctest */;
			productType = "com.apple.product-type.bundle.unit-test";
		};
		D3CC59C21C851BDB009A1909 /* SoBotPadUITests */ = {
			isa = PBXNativeTarget;
			buildConfigurationList = D3CC59D21C851BDB009A1909 /* Build configuration list for PBXNativeTarget "SoBotPadUITests" */;
			buildPhases = (
				D3CC59BF1C851BDB009A1909 /* Sources */,
				D3CC59C01C851BDB009A1909 /* Frameworks */,
				D3CC59C11C851BDB009A1909 /* Resources */,
			);
			buildRules = (
			);
			dependencies = (
				D3CC59C51C851BDB009A1909 /* PBXTargetDependency */,
			);
			name = SoBotPadUITests;
			productName = SoBotPadUITests;
			productReference = D3CC59C31C851BDB009A1909 /* SoBotPadUITests.xctest */;
			productType = "com.apple.product-type.bundle.ui-testing";
		};
/* End PBXNativeTarget section */

/* Begin PBXProject section */
		D3CC59941C851BDB009A1909 /* Project object */ = {
			isa = PBXProject;
			attributes = {
				LastUpgradeCheck = 0720;
				ORGANIZATIONNAME = Laura;
				TargetAttributes = {
					D3CC599B1C851BDB009A1909 = {
						CreatedOnToolsVersion = 7.2.1;
					};
					D3CC59B71C851BDB009A1909 = {
						CreatedOnToolsVersion = 7.2.1;
						TestTargetID = D3CC599B1C851BDB009A1909;
					};
					D3CC59C21C851BDB009A1909 = {
						CreatedOnToolsVersion = 7.2.1;
						TestTargetID = D3CC599B1C851BDB009A1909;
					};
				};
			};
			buildConfigurationList = D3CC59971C851BDB009A1909 /* Build configuration list for PBXProject "SoBotPad" */;
			compatibilityVersion = "Xcode 3.2";
			developmentRegion = English;
			hasScannedForEncodings = 0;
			knownRegions = (
				en,
				Base,
			);
			mainGroup = D3CC59931C851BDB009A1909;
			productRefGroup = D3CC599D1C851BDB009A1909 /* Products */;
			projectDirPath = "";
			projectRoot = "";
			targets = (
				D3CC599B1C851BDB009A1909 /* SoBotPad */,
				D3CC59B71C851BDB009A1909 /* SoBotPadTests */,
				D3CC59C21C851BDB009A1909 /* SoBotPadUITests */,
			);
		};
/* End PBXProject section */

/* Begin PBXResourcesBuildPhase section */
		D3CC599A1C851BDB009A1909 /* Resources */ = {
			isa = PBXResourcesBuildPhase;
			buildActionMask = 2147483647;
			files = (
				D3D909771C8573A6008D180A /* guineapig.jpg in Resources */,
				D3D9097D1C8573A6008D180A /* lion.jpg in Resources */,
				D3D909C81C8628BA008D180A /* fresh-grass-and-sky-hi.png in Resources */,
				D3D909721C8573A6008D180A /* dog.jpg in Resources */,
				D3CC59DE1C852208009A1909 /* remote.png in Resources */,
				D3CC59B21C851BDB009A1909 /* LaunchScreen.storyboard in Resources */,
				D3D909821C8573A6008D180A /* rabbit.jpg in Resources */,
				D3CC59DD1C852208009A1909 /* play.jpg in Resources */,
				D3F0C8EB1C85523C00DC2728 /* Main.storyboard in Resources */,
				D3F0C8E91C85514F00DC2728 /* gamesbkg.png in Resources */,
				D3D9097B1C8573A6008D180A /* lamb.jpg in Resources */,
				D3D909461C855D17008D180A /* four.png in Resources */,
				D3D9097F1C8573A6008D180A /* mouse.jpg in Resources */,
				D318B2851C8B1E93006AE44F /* Animals.plist in Resources */,
				D3D909781C8573A6008D180A /* hamster.jpg in Resources */,
				D3D909481C855D17008D180A /* three.jpeg in Resources */,
				D3D9096F1C8573A6008D180A /* chicken.jpg in Resources */,
				D3D9096D1C8573A6008D180A /* bird.jpg in Resources */,
				D3D909861C8573A6008D180A /* zebra.jpg in Resources */,
				D3D909811C8573A6008D180A /* pig.jpg in Resources */,
				D3D909841C8573A6008D180A /* tiger.jpg in Resources */,
				D3D909701C8573A6008D180A /* cow.jpg in Resources */,
				D318B2871C8B2E96006AE44F /* Colours.plist in Resources */,
				D3D909791C8573A6008D180A /* hippo.jpg in Resources */,
				D3D909731C8573A6008D180A /* duck.jpg in Resources */,
				D3D909471C855D17008D180A /* one.png in Resources */,
				D3D909451C855D17008D180A /* five.png in Resources */,
				D3D909741C8573A6008D180A /* elephant.jpg in Resources */,
				D3D9097E1C8573A6008D180A /* monkey.jpg in Resources */,
				D3D9097C1C8573A6008D180A /* leopard.jpg in Resources */,
				D3D909831C8573A6008D180A /* snake.jpg in Resources */,
				D3D9096E1C8573A6008D180A /* cat.jpg in Resources */,
				D3D909801C8573A6008D180A /* penguin.jpg in Resources */,
				D3852BE31C8B378A0012FDD4 /* colours.jpg in Resources */,
				D3CC59F31C853BC1009A1909 /* match-icon.png in Resources */,
				D3F0C8E51C854DE400DC2728 /* gobackcopy.jpg in Resources */,
				D3852BE11C8B35FB0012FDD4 /* animals.jpg in Resources */,
				D3D909761C8573A6008D180A /* giraffe.jpg in Resources */,
				D3CC59AF1C851BDB009A1909 /* Assets.xcassets in Resources */,
				D3D909CB1C862989008D180A /* blank.png in Resources */,
				D3F0C8E71C854E9000DC2728 /* back.png in Resources */,
				D3D9096C1C8573A6008D180A /* bear.jpg in Resources */,
				D3D9097A1C8573A6008D180A /* horse.jpg in Resources */,
				D3CC59DC1C852208009A1909 /* settings-icon.png in Resources */,
				D3D909CC1C862989008D180A /* cardbkg.jpg in Resources */,
				D3D909751C8573A6008D180A /* fish.jpg in Resources */,
				D3F0C8E31C854D1E00DC2728 /* goback.jpg in Resources */,
				D3D909711C8573A6008D180A /* croc.jpg in Resources */,
				D3D909491C855D17008D180A /* two.png in Resources */,
				D3CC59D81C8520C2009A1909 /* MenuItems.plist in Resources */,
				D3D909851C8573A6008D180A /* turkey.jpg in Resources */,
			);
			runOnlyForDeploymentPostprocessing = 0;
		};
		D3CC59B61C851BDB009A1909 /* Resources */ = {
			isa = PBXResourcesBuildPhase;
			buildActionMask = 2147483647;
			files = (
			);
			runOnlyForDeploymentPostprocessing = 0;
		};
		D3CC59C11C851BDB009A1909 /* Resources */ = {
			isa = PBXResourcesBuildPhase;
			buildActionMask = 2147483647;
			files = (
			);
			runOnlyForDeploymentPostprocessing = 0;
		};
/* End PBXResourcesBuildPhase section */

/* Begin PBXSourcesBuildPhase section */
		D3CC59981C851BDB009A1909 /* Sources */ = {
			isa = PBXSourcesBuildPhase;
			buildActionMask = 2147483647;
			files = (
				D32E27151C86538A00B71D25 /* LevelFourController.m in Sources */,
				D318B28B1C8B310F006AE44F /* LevelController.m in Sources */,
				D3CC59EF1C853B01009A1909 /* SettingsController.m in Sources */,
				D3CC59A71C851BDB009A1909 /* MenuController.m in Sources */,
				D3CC59AD1C851BDB009A1909 /* SoBotPad.xcdatamodeld in Sources */,
				D3852BDE1C8B32280012FDD4 /* CategoryController.m in Sources */,
				D32E27191C86540000B71D25 /* LevelFiveController.m in Sources */,
				D3D9094E1C856913008D180A /* LevelOneController.m in Sources */,
				D32E27131C86538000B71D25 /* LevelThreeController.m in Sources */,
				D3CC59A41C851BDB009A1909 /* AppDelegate.m in Sources */,
				D3CC59E71C853412009A1909 /* GamesController.m in Sources */,
				D32E27111C86537300B71D25 /* LevelTwoController.m in Sources */,
				D3CC59F81C853EC9009A1909 /* MCManager.m in Sources */,
				D3CC59A11C851BDB009A1909 /* main.m in Sources */,
			);
			runOnlyForDeploymentPostprocessing = 0;
		};
		D3CC59B41C851BDB009A1909 /* Sources */ = {
			isa = PBXSourcesBuildPhase;
			buildActionMask = 2147483647;
			files = (
				D3CC59BD1C851BDB009A1909 /* SoBotPadTests.m in Sources */,
			);
			runOnlyForDeploymentPostprocessing = 0;
		};
		D3CC59BF1C851BDB009A1909 /* Sources */ = {
			isa = PBXSourcesBuildPhase;
			buildActionMask = 2147483647;
			files = (
				D3CC59C81C851BDB009A1909 /* SoBotPadUITests.m in Sources */,
			);
			runOnlyForDeploymentPostprocessing = 0;
		};
/* End PBXSourcesBuildPhase section */

/* Begin PBXTargetDependency section */
		D3CC59BA1C851BDB009A1909 /* PBXTargetDependency */ = {
			isa = PBXTargetDependency;
			target = D3CC599B1C851BDB009A1909 /* SoBotPad */;
			targetProxy = D3CC59B91C851BDB009A1909 /* PBXContainerItemProxy */;
		};
		D3CC59C51C851BDB009A1909 /* PBXTargetDependency */ = {
			isa = PBXTargetDependency;
			target = D3CC599B1C851BDB009A1909 /* SoBotPad */;
			targetProxy = D3CC59C41C851BDB009A1909 /* PBXContainerItemProxy */;
		};
/* End PBXTargetDependency section */

/* Begin PBXVariantGroup section */
		D3CC59B01C851BDB009A1909 /* LaunchScreen.storyboard */ = {
			isa = PBXVariantGroup;
			children = (
				D3CC59B11C851BDB009A1909 /* Base */,
			);
			name = LaunchScreen.storyboard;
			sourceTree = "<group>";
		};
/* End PBXVariantGroup section */

/* Begin XCBuildConfiguration section */
		D3CC59CA1C851BDB009A1909 /* Debug */ = {
			isa = XCBuildConfiguration;
			buildSettings = {
				ALWAYS_SEARCH_USER_PATHS = NO;
				CLANG_CXX_LANGUAGE_STANDARD = "gnu++0x";
				CLANG_CXX_LIBRARY = "libc++";
				CLANG_ENABLE_MODULES = YES;
				CLANG_ENABLE_OBJC_ARC = YES;
				CLANG_WARN_BOOL_CONVERSION = YES;
				CLANG_WARN_CONSTANT_CONVERSION = YES;
				CLANG_WARN_DIRECT_OBJC_ISA_USAGE = YES_ERROR;
				CLANG_WARN_EMPTY_BODY = YES;
				CLANG_WARN_ENUM_CONVERSION = YES;
				CLANG_WARN_INT_CONVERSION = YES;
				CLANG_WARN_OBJC_ROOT_CLASS = YES_ERROR;
				CLANG_WARN_UNREACHABLE_CODE = YES;
				CLANG_WARN__DUPLICATE_METHOD_MATCH = YES;
				"CODE_SIGN_IDENTITY[sdk=iphoneos*]" = "iPhone Developer";
				COPY_PHASE_STRIP = NO;
				DEBUG_INFORMATION_FORMAT = dwarf;
				ENABLE_STRICT_OBJC_MSGSEND = YES;
				ENABLE_TESTABILITY = YES;
				GCC_C_LANGUAGE_STANDARD = gnu99;
				GCC_DYNAMIC_NO_PIC = NO;
				GCC_NO_COMMON_BLOCKS = YES;
				GCC_OPTIMIZATION_LEVEL = 0;
				GCC_PREPROCESSOR_DEFINITIONS = (
					"DEBUG=1",
					"$(inherited)",
				);
				GCC_WARN_64_TO_32_BIT_CONVERSION = YES;
				GCC_WARN_ABOUT_RETURN_TYPE = YES_ERROR;
				GCC_WARN_UNDECLARED_SELECTOR = YES;
				GCC_WARN_UNINITIALIZED_AUTOS = YES_AGGRESSIVE;
				GCC_WARN_UNUSED_FUNCTION = YES;
				GCC_WARN_UNUSED_VARIABLE = YES;
				IPHONEOS_DEPLOYMENT_TARGET = 9.2;
				MTL_ENABLE_DEBUG_INFO = YES;
				ONLY_ACTIVE_ARCH = YES;
				SDKROOT = iphoneos;
				TARGETED_DEVICE_FAMILY = 2;
			};
			name = Debug;
		};
		D3CC59CB1C851BDB009A1909 /* Release */ = {
			isa = XCBuildConfiguration;
			buildSettings = {
				ALWAYS_SEARCH_USER_PATHS = NO;
				CLANG_CXX_LANGUAGE_STANDARD = "gnu++0x";
				CLANG_CXX_LIBRARY = "libc++";
				CLANG_ENABLE_MODULES = YES;
				CLANG_ENABLE_OBJC_ARC = YES;
				CLANG_WARN_BOOL_CONVERSION = YES;
				CLANG_WARN_CONSTANT_CONVERSION = YES;
				CLANG_WARN_DIRECT_OBJC_ISA_USAGE = YES_ERROR;
				CLANG_WARN_EMPTY_BODY = YES;
				CLANG_WARN_ENUM_CONVERSION = YES;
				CLANG_WARN_INT_CONVERSION = YES;
				CLANG_WARN_OBJC_ROOT_CLASS = YES_ERROR;
				CLANG_WARN_UNREACHABLE_CODE = YES;
				CLANG_WARN__DUPLICATE_METHOD_MATCH = YES;
				"CODE_SIGN_IDENTITY[sdk=iphoneos*]" = "iPhone Developer";
				COPY_PHASE_STRIP = NO;
				DEBUG_INFORMATION_FORMAT = "dwarf-with-dsym";
				ENABLE_NS_ASSERTIONS = NO;
				ENABLE_STRICT_OBJC_MSGSEND = YES;
				GCC_C_LANGUAGE_STANDARD = gnu99;
				GCC_NO_COMMON_BLOCKS = YES;
				GCC_WARN_64_TO_32_BIT_CONVERSION = YES;
				GCC_WARN_ABOUT_RETURN_TYPE = YES_ERROR;
				GCC_WARN_UNDECLARED_SELECTOR = YES;
				GCC_WARN_UNINITIALIZED_AUTOS = YES_AGGRESSIVE;
				GCC_WARN_UNUSED_FUNCTION = YES;
				GCC_WARN_UNUSED_VARIABLE = YES;
				IPHONEOS_DEPLOYMENT_TARGET = 9.2;
				MTL_ENABLE_DEBUG_INFO = NO;
				SDKROOT = iphoneos;
				TARGETED_DEVICE_FAMILY = 2;
				VALIDATE_PRODUCT = YES;
			};
			name = Release;
		};
		D3CC59CD1C851BDB009A1909 /* Debug */ = {
			isa = XCBuildConfiguration;
			buildSettings = {
				ASSETCATALOG_COMPILER_APPICON_NAME = AppIcon;
				INFOPLIST_FILE = SoBotPad/Info.plist;
				IPHONEOS_DEPLOYMENT_TARGET = 9.0;
				LD_RUNPATH_SEARCH_PATHS = "$(inherited) @executable_path/Frameworks";
				ONLY_ACTIVE_ARCH = NO;
				PRODUCT_BUNDLE_IDENTIFIER = com.DIT.SoBotPad;
				PRODUCT_NAME = "$(TARGET_NAME)";
				VALID_ARCHS = "arm64 armv7 armv7s";
			};
			name = Debug;
		};
		D3CC59CE1C851BDB009A1909 /* Release */ = {
			isa = XCBuildConfiguration;
			buildSettings = {
				ASSETCATALOG_COMPILER_APPICON_NAME = AppIcon;
				INFOPLIST_FILE = SoBotPad/Info.plist;
				IPHONEOS_DEPLOYMENT_TARGET = 9.0;
				LD_RUNPATH_SEARCH_PATHS = "$(inherited) @executable_path/Frameworks";
				ONLY_ACTIVE_ARCH = NO;
				PRODUCT_BUNDLE_IDENTIFIER = com.DIT.SoBotPad;
				PRODUCT_NAME = "$(TARGET_NAME)";
				VALID_ARCHS = "arm64 armv7 armv7s";
			};
			name = Release;
		};
		D3CC59D01C851BDB009A1909 /* Debug */ = {
			isa = XCBuildConfiguration;
			buildSettings = {
				BUNDLE_LOADER = "$(TEST_HOST)";
				INFOPLIST_FILE = SoBotPadTests/Info.plist;
				LD_RUNPATH_SEARCH_PATHS = "$(inherited) @executable_path/Frameworks @loader_path/Frameworks";
				PRODUCT_BUNDLE_IDENTIFIER = com.DIT.SoBotPadTests;
				PRODUCT_NAME = "$(TARGET_NAME)";
				TEST_HOST = "$(BUILT_PRODUCTS_DIR)/SoBotPad.app/SoBotPad";
			};
			name = Debug;
		};
		D3CC59D11C851BDB009A1909 /* Release */ = {
			isa = XCBuildConfiguration;
			buildSettings = {
				BUNDLE_LOADER = "$(TEST_HOST)";
				INFOPLIST_FILE = SoBotPadTests/Info.plist;
				LD_RUNPATH_SEARCH_PATHS = "$(inherited) @executable_path/Frameworks @loader_path/Frameworks";
				PRODUCT_BUNDLE_IDENTIFIER = com.DIT.SoBotPadTests;
				PRODUCT_NAME = "$(TARGET_NAME)";
				TEST_HOST = "$(BUILT_PRODUCTS_DIR)/SoBotPad.app/SoBotPad";
			};
			name = Release;
		};
		D3CC59D31C851BDB009A1909 /* Debug */ = {
			isa = XCBuildConfiguration;
			buildSettings = {
				INFOPLIST_FILE = SoBotPadUITests/Info.plist;
				LD_RUNPATH_SEARCH_PATHS = "$(inherited) @executable_path/Frameworks @loader_path/Frameworks";
				PRODUCT_BUNDLE_IDENTIFIER = com.DIT.SoBotPadUITests;
				PRODUCT_NAME = "$(TARGET_NAME)";
				TEST_TARGET_NAME = SoBotPad;
				USES_XCTRUNNER = YES;
			};
			name = Debug;
		};
		D3CC59D41C851BDB009A1909 /* Release */ = {
			isa = XCBuildConfiguration;
			buildSettings = {
				INFOPLIST_FILE = SoBotPadUITests/Info.plist;
				LD_RUNPATH_SEARCH_PATHS = "$(inherited) @executable_path/Frameworks @loader_path/Frameworks";
				PRODUCT_BUNDLE_IDENTIFIER = com.DIT.SoBotPadUITests;
				PRODUCT_NAME = "$(TARGET_NAME)";
				TEST_TARGET_NAME = SoBotPad;
				USES_XCTRUNNER = YES;
			};
			name = Release;
		};
/* End XCBuildConfiguration section */

/* Begin XCConfigurationList section */
		D3CC59971C851BDB009A1909 /* Build configuration list for PBXProject "SoBotPad" */ = {
			isa = XCConfigurationList;
			buildConfigurations = (
				D3CC59CA1C851BDB009A1909 /* Debug */,
				D3CC59CB1C851BDB009A1909 /* Release */,
			);
			defaultConfigurationIsVisible = 0;
			defaultConfigurationName = Release;
		};
		D3CC59CC1C851BDB009A1909 /* Build configuration list for PBXNativeTarget "SoBotPad" */ = {
			isa = XCConfigurationList;
			buildConfigurations = (
				D3CC59CD1C851BDB009A1909 /* Debug */,
				D3CC59CE1C851BDB009A1909 /* Release */,
			);
			defaultConfigurationIsVisible = 0;
			defaultConfigurationName = Release;
		};
		D3CC59CF1C851BDB009A1909 /* Build configuration list for PBXNativeTarget "SoBotPadTests" */ = {
			isa = XCConfigurationList;
			buildConfigurations = (
				D3CC59D01C851BDB009A1909 /* Debug */,
				D3CC59D11C851BDB009A1909 /* Release */,
			);
			defaultConfigurationIsVisible = 0;
			defaultConfigurationName = Release;
		};
		D3CC59D21C851BDB009A1909 /* Build configuration list for PBXNativeTarget "SoBotPadUITests" */ = {
			isa = XCConfigurationList;
			buildConfigurations = (
				D3CC59D31C851BDB009A1909 /* Debug */,
				D3CC59D41C851BDB009A1909 /* Release */,
			);
			defaultConfigurationIsVisible = 0;
			defaultConfigurationName = Release;
		};
/* End XCConfigurationList section */

/* Begin XCVersionGroup section */
		D3CC59AB1C851BDB009A1909 /* SoBotPad.xcdatamodeld */ = {
			isa = XCVersionGroup;
			children = (
				D3CC59AC1C851BDB009A1909 /* SoBotPad.xcdatamodel */,
			);
			currentVersion = D3CC59AC1C851BDB009A1909 /* SoBotPad.xcdatamodel */;
			path = SoBotPad.xcdatamodeld;
			sourceTree = "<group>";
			versionGroupType = wrapper.xcdatamodel;
		};
/* End XCVersionGroup section */
	};
	rootObject = D3CC59941C851BDB009A1909 /* Project object */;
}
